<?xml version="1.0" encoding="utf-8"?>
<Project ToolsVersion="4.0" xmlns="http://schemas.microsoft.com/developer/msbuild/2003">
  <ItemGroup>
    <Filter Include="Source Files">
      <UniqueIdentifier>{4FC737F1-C7A5-4376-A066-2A32D752A2FF}</UniqueIdentifier>
      <Extensions>cpp;c;cc;cxx;def;odl;idl;hpj;bat;asm;asmx</Extensions>
    </Filter>
    <Filter Include="Header Files">
      <UniqueIdentifier>{93995380-89BD-4b04-88EB-625FBE52EBFB}</UniqueIdentifier>
      <Extensions>h;hh;hpp;hxx;hm;inl;inc;xsd</Extensions>
    </Filter>
    <Filter Include="Resource Files">
      <UniqueIdentifier>{67DA6AB6-F800-4c08-8B7A-83BB121AAD01}</UniqueIdentifier>
      <Extensions>rc;ico;cur;bmp;dlg;rc2;rct;bin;rgs;gif;jpg;jpeg;jpe;resx;tiff;tif;png;wav</Extensions>
    </Filter>
  </ItemGroup>
  <ItemGroup>
    <ClCompile Include="source\agents\G.cpp">
      <Filter>Source Files</Filter>
    </ClCompile>
    <ClCompile Include="source\agents\H.cpp">
      <Filter>Source Files</Filter>
    </ClCompile>
    <ClCompile Include="source\agents\IAgent.cpp">
      <Filter>Source Files</Filter>
    </ClCompile>
    <ClCompile Include="source\agents\SEI.cpp">
      <Filter>Source Files</Filter>
    </ClCompile>
    <ClCompile Include="source\agents\SolarPanel.cpp">
      <Filter>Source Files</Filter>
    </ClCompile>
    <ClCompile Include="source\geography\Geography.cpp">
      <Filter>Source Files</Filter>
    </ClCompile>
    <ClCompile Include="source\institutions\IInstitute.cpp">
      <Filter>Source Files</Filter>
    </ClCompile>
    <ClCompile Include="source\institutions\IMessage.cpp">
      <Filter>Source Files</Filter>
    </ClCompile>
    <ClCompile Include="source\institutions\MarketingSystem.cpp">
      <Filter>Source Files</Filter>
    </ClCompile>
    <ClCompile Include="source\tools\IParameters.cpp">
      <Filter>Source Files</Filter>
    </ClCompile>
    <ClCompile Include="source\tools\IRandom.cpp">
      <Filter>Source Files</Filter>
    </ClCompile>
    <ClCompile Include="source\tools\Serialize.cpp">
      <Filter>Source Files</Filter>
    </ClCompile>
    <ClCompile Include="source\tools\WorldSettings.cpp">
      <Filter>Source Files</Filter>
    </ClCompile>
    <ClCompile Include="source\ui\main.cpp">
      <Filter>Source Files</Filter>
    </ClCompile>
    <ClCompile Include="source\ui\W.cpp">
      <Filter>Source Files</Filter>
    </ClCompile>
    <ClCompile Include="Source\Agents\SEM.cpp">
      <Filter>Source Files</Filter>
    </ClCompile>
    <ClCompile Include="Source\Agents\Utility.cpp">
      <Filter>Source Files</Filter>
    </ClCompile>
    <ClCompile Include="Source\Tools\Log.cpp">
      <Filter>Source Files</Filter>
    </ClCompile>
    <ClCompile Include="Source\Tools\ParsingTools.cpp">
      <Filter>Source Files</Filter>
    </ClCompile>
    <ClCompile Include="Source\UI\UI.cpp">
      <Filter>Source Files</Filter>
    </ClCompile>
    <ClCompile Include="Source\Tools\ID.cpp">
      <Filter>Source Files</Filter>
    </ClCompile>
    <ClCompile Include="Source\ExternalTools\boost_1_60_0\libs\system\src\error_code.cpp">
      <Filter>Source Files</Filter>
    </ClCompile>
    <ClCompile Include="Source\ExternalTools\boost_1_60_0\libs\filesystem\src\codecvt_error_category.cpp">
      <Filter>Source Files</Filter>
    </ClCompile>
    <ClCompile Include="Source\ExternalTools\boost_1_60_0\libs\filesystem\src\operations.cpp">
      <Filter>Source Files</Filter>
    </ClCompile>
    <ClCompile Include="Source\ExternalTools\boost_1_60_0\libs\filesystem\src\path.cpp">
      <Filter>Source Files</Filter>
    </ClCompile>
    <ClCompile Include="Source\ExternalTools\boost_1_60_0\libs\filesystem\src\path_traits.cpp">
      <Filter>Source Files</Filter>
    </ClCompile>
    <ClCompile Include="Source\ExternalTools\boost_1_60_0\libs\filesystem\src\portability.cpp">
      <Filter>Source Files</Filter>
    </ClCompile>
    <ClCompile Include="Source\ExternalTools\boost_1_60_0\libs\filesystem\src\unique_path.cpp">
      <Filter>Source Files</Filter>
    </ClCompile>
    <ClCompile Include="Source\ExternalTools\boost_1_60_0\libs\filesystem\src\utf8_codecvt_facet.cpp">
      <Filter>Source Files</Filter>
    </ClCompile>
    <ClCompile Include="Source\ExternalTools\boost_1_60_0\libs\filesystem\src\windows_file_codecvt.cpp">
      <Filter>Source Files</Filter>
    </ClCompile>
  </ItemGroup>
  <ItemGroup>
    <ClInclude Include="source\agents\G.h">
      <Filter>Header Files</Filter>
    </ClInclude>
    <ClInclude Include="source\agents\H.h">
      <Filter>Header Files</Filter>
    </ClInclude>
    <ClInclude Include="source\agents\IAgent.h">
      <Filter>Header Files</Filter>
    </ClInclude>
    <ClInclude Include="source\agents\SEI.h">
      <Filter>Header Files</Filter>
    </ClInclude>
    <ClInclude Include="source\agents\SEM.h">
      <Filter>Header Files</Filter>
    </ClInclude>
    <ClInclude Include="source\agents\SolarPanel.h">
      <Filter>Header Files</Filter>
    </ClInclude>
    <ClInclude Include="source\geography\Geography.h">
      <Filter>Header Files</Filter>
    </ClInclude>
    <ClInclude Include="source\institutions\IInstitute.h">
      <Filter>Header Files</Filter>
    </ClInclude>
    <ClInclude Include="source\institutions\IMessage.h">
      <Filter>Header Files</Filter>
    </ClInclude>
    <ClInclude Include="source\institutions\MarketingSystem.h">
      <Filter>Header Files</Filter>
    </ClInclude>
    <ClInclude Include="source\tools\Documentation.h">
      <Filter>Header Files</Filter>
    </ClInclude>
    <ClInclude Include="source\tools\ExternalIncludes.h">
      <Filter>Header Files</Filter>
    </ClInclude>
    <ClInclude Include="source\tools\IParameters.h">
      <Filter>Header Files</Filter>
    </ClInclude>
    <ClInclude Include="source\tools\IRandom.h">
      <Filter>Header Files</Filter>
    </ClInclude>
    <ClInclude Include="source\tools\Serialize.h">
      <Filter>Header Files</Filter>
    </ClInclude>
    <ClInclude Include="source\tools\WorldSettings.h">
      <Filter>Header Files</Filter>
    </ClInclude>
    <ClInclude Include="source\ui\W.h">
      <Filter>Header Files</Filter>
    </ClInclude>
    <ClInclude Include="Source\Agents\Utility.h">
      <Filter>Header Files</Filter>
    </ClInclude>
    <ClInclude Include="Source\Tools\Log.h">
      <Filter>Header Files</Filter>
    </ClInclude>
    <ClInclude Include="Source\Tools\ParsingTools.h">
      <Filter>Header Files</Filter>
    </ClInclude>
    <ClInclude Include="Source\UI\UI.h">
      <Filter>Header Files</Filter>
    </ClInclude>
    <ClInclude Include="Source\Tools\ID.h">
      <Filter>Header Files</Filter>
    </ClInclude>
  </ItemGroup>
</Project>