
Microsoft Visual Studio Solution File, Format Version 12.00
# Visual Studio 14
VisualStudioVersion = 14.0.25123.0
MinimumVisualStudioVersion = 10.0.40219.1
Project("{8BC9CEB8-8B4A-11D0-8D11-00A0C91BC942}") = "CoreSolarModel", "CoreSolarModel\CoreSolarModel.vcxitems", "{45D41ACC-2C3C-43D2-BC10-02AA73FFC7C7}"
EndProject
Project("{8BC9CEB8-8B4A-11D0-8D11-00A0C91BC942}") = "EEModel", "EEModel\EEModel.vcxproj", "{B6E6718E-3E3A-4A34-8619-E6D559342A52}"
EndProject
Project("{8BC9CEB8-8B4A-11D0-8D11-00A0C91BC942}") = "BaseModel", "BaseModel\BaseModel.vcxproj", "{B4520E93-A777-49D0-A371-9A501DC4D5C3}"
EndProject
Global
	GlobalSection(Performance) = preSolution
		HasPerformanceSessions = true
	EndGlobalSection
	GlobalSection(SharedMSBuildProjectFiles) = preSolution
		CoreSolarModel\CoreSolarModel.vcxitems*{45d41acc-2c3c-43d2-bc10-02aa73ffc7c7}*SharedItemsImports = 9
		CoreSolarModel\CoreSolarModel.vcxitems*{b6e6718e-3e3a-4a34-8619-e6d559342a52}*SharedItemsImports = 4
	EndGlobalSection
	GlobalSection(SolutionConfigurationPlatforms) = preSolution
		Debug|x64 = Debug|x64
		Debug|x86 = Debug|x86
		Release|x64 = Release|x64
		Release|x86 = Release|x86
	EndGlobalSection
	GlobalSection(ProjectConfigurationPlatforms) = postSolution
		{B6E6718E-3E3A-4A34-8619-E6D559342A52}.Debug|x64.ActiveCfg = Debug|x64
		{B6E6718E-3E3A-4A34-8619-E6D559342A52}.Debug|x64.Build.0 = Debug|x64
		{B6E6718E-3E3A-4A34-8619-E6D559342A52}.Debug|x86.ActiveCfg = Debug|Win32
		{B6E6718E-3E3A-4A34-8619-E6D559342A52}.Debug|x86.Build.0 = Debug|Win32
		{B6E6718E-3E3A-4A34-8619-E6D559342A52}.Release|x64.ActiveCfg = Release|x64
		{B6E6718E-3E3A-4A34-8619-E6D559342A52}.Release|x64.Build.0 = Release|x64
		{B6E6718E-3E3A-4A34-8619-E6D559342A52}.Release|x86.ActiveCfg = Release|Win32
		{B6E6718E-3E3A-4A34-8619-E6D559342A52}.Release|x86.Build.0 = Release|Win32
		{B4520E93-A777-49D0-A371-9A501DC4D5C3}.Debug|x64.ActiveCfg = Debug|x64
		{B4520E93-A777-49D0-A371-9A501DC4D5C3}.Debug|x64.Build.0 = Debug|x64
		{B4520E93-A777-49D0-A371-9A501DC4D5C3}.Debug|x86.ActiveCfg = Debug|Win32
		{B4520E93-A777-49D0-A371-9A501DC4D5C3}.Debug|x86.Build.0 = Debug|Win32
		{B4520E93-A777-49D0-A371-9A501DC4D5C3}.Release|x64.ActiveCfg = Release|x64
		{B4520E93-A777-49D0-A371-9A501DC4D5C3}.Release|x64.Build.0 = Release|x64
		{B4520E93-A777-49D0-A371-9A501DC4D5C3}.Release|x86.ActiveCfg = Release|Win32
		{B4520E93-A777-49D0-A371-9A501DC4D5C3}.Release|x86.Build.0 = Release|Win32
	EndGlobalSection
	GlobalSection(SolutionProperties) = preSolution
		HideSolutionNode = FALSE
	EndGlobalSection
EndGlobal
