<?xml version="1.0" encoding="utf-8"?>
<Project ToolsVersion="4.0" xmlns="http://schemas.microsoft.com/developer/msbuild/2003">
  <ItemGroup>
    <Filter Include="Source Files">
      <UniqueIdentifier>{4FC737F1-C7A5-4376-A066-2A32D752A2FF}</UniqueIdentifier>
      <Extensions>cpp;c;cc;cxx;def;odl;idl;hpj;bat;asm;asmx</Extensions>
    </Filter>
    <Filter Include="Header Files">
      <UniqueIdentifier>{93995380-89BD-4b04-88EB-625FBE52EBFB}</UniqueIdentifier>
      <Extensions>h;hh;hpp;hxx;hm;inl;inc;xsd</Extensions>
    </Filter>
    <Filter Include="Resource Files">
      <UniqueIdentifier>{67DA6AB6-F800-4c08-8B7A-83BB121AAD01}</UniqueIdentifier>
      <Extensions>rc;ico;cur;bmp;dlg;rc2;rct;bin;rgs;gif;jpg;jpeg;jpe;resx;tiff;tif;png;wav;mfcribbon-ms</Extensions>
    </Filter>
    <Filter Include="Resource Files\Examples">
      <UniqueIdentifier>{a1f59726-017e-40c8-a9fa-971ec7064d2d}</UniqueIdentifier>
    </Filter>
    <Filter Include="Resource Files\Examples\CA">
      <UniqueIdentifier>{b1c9b8f0-c84d-4896-aadd-77d617c61658}</UniqueIdentifier>
    </Filter>
    <Filter Include="Resource Files\Examples\MA">
      <UniqueIdentifier>{9a7401ad-83a6-44a7-8f54-10400ab6a781}</UniqueIdentifier>
    </Filter>
    <Filter Include="Source Files\Agents">
      <UniqueIdentifier>{06498039-f12e-4bc8-9981-b14f8c6ad519}</UniqueIdentifier>
    </Filter>
    <Filter Include="Source Files\ExternalTools">
      <UniqueIdentifier>{0d8ae578-cdb5-4188-81b8-3b14a850e628}</UniqueIdentifier>
    </Filter>
    <Filter Include="Header Files\Agents">
      <UniqueIdentifier>{ee35386d-d994-4742-8000-779a45a15793}</UniqueIdentifier>
    </Filter>
    <Filter Include="Header Files\UI">
      <UniqueIdentifier>{7e322a4a-fe03-42a0-8ad8-012a274eface}</UniqueIdentifier>
    </Filter>
    <Filter Include="Source Files\UI">
      <UniqueIdentifier>{e8076d56-6886-4375-a8cb-ae974e670325}</UniqueIdentifier>
    </Filter>
    <Filter Include="Header Files\Physics">
      <UniqueIdentifier>{70b7d9c3-a953-494f-a5cb-d63d7c4fe627}</UniqueIdentifier>
    </Filter>
    <Filter Include="Source Files\Physics">
      <UniqueIdentifier>{42016949-469a-4261-ac0e-87588a5082b6}</UniqueIdentifier>
    </Filter>
    <Filter Include="Resource Files\RelBaseLearn08">
      <UniqueIdentifier>{38e53c2d-5625-459b-8466-cee7938b51bd}</UniqueIdentifier>
    </Filter>
    <Filter Include="Resource Files\RelBaseLearn08\CA">
      <UniqueIdentifier>{d00365a2-f9e9-4685-9861-764c4fed76bb}</UniqueIdentifier>
    </Filter>
  </ItemGroup>
  <ItemGroup>
    <ClCompile Include="..\EE\UI\main.cpp">
      <Filter>Source Files</Filter>
    </ClCompile>
    <ClCompile Include="..\Source\ExternalTools\boost_1_60_0\libs\filesystem\src\codecvt_error_category.cpp">
      <Filter>Source Files\ExternalTools</Filter>
    </ClCompile>
    <ClCompile Include="..\Source\ExternalTools\boost_1_60_0\libs\filesystem\src\operations.cpp">
      <Filter>Source Files\ExternalTools</Filter>
    </ClCompile>
    <ClCompile Include="..\Source\ExternalTools\boost_1_60_0\libs\filesystem\src\path.cpp">
      <Filter>Source Files\ExternalTools</Filter>
    </ClCompile>
    <ClCompile Include="..\Source\ExternalTools\boost_1_60_0\libs\filesystem\src\path_traits.cpp">
      <Filter>Source Files\ExternalTools</Filter>
    </ClCompile>
    <ClCompile Include="..\Source\ExternalTools\boost_1_60_0\libs\filesystem\src\portability.cpp">
      <Filter>Source Files\ExternalTools</Filter>
    </ClCompile>
    <ClCompile Include="..\Source\ExternalTools\boost_1_60_0\libs\filesystem\src\unique_path.cpp">
      <Filter>Source Files\ExternalTools</Filter>
    </ClCompile>
    <ClCompile Include="..\Source\ExternalTools\boost_1_60_0\libs\filesystem\src\utf8_codecvt_facet.cpp">
      <Filter>Source Files\ExternalTools</Filter>
    </ClCompile>
    <ClCompile Include="..\Source\ExternalTools\boost_1_60_0\libs\filesystem\src\windows_file_codecvt.cpp">
      <Filter>Source Files\ExternalTools</Filter>
    </ClCompile>
    <ClCompile Include="..\Source\ExternalTools\boost_1_60_0\libs\system\src\error_code.cpp">
      <Filter>Source Files\ExternalTools</Filter>
    </ClCompile>
    <ClCompile Include="..\Source\Agents\SEIBL.cpp">
      <Filter>Source Files\Agents</Filter>
    </ClCompile>
    <ClCompile Include="..\Source\Agents\SEMBL.cpp">
      <Filter>Source Files\Agents</Filter>
    </ClCompile>
    <ClCompile Include="..\Source\Agents\H.cpp">
      <Filter>Source Files\Agents</Filter>
    </ClCompile>
    <ClCompile Include="..\Source\UI\UIBL.cpp">
      <Filter>Source Files\UI</Filter>
    </ClCompile>
    <ClCompile Include="..\Source\Physics\SolarPanelBL.cpp">
      <Filter>Source Files\Physics</Filter>
    </ClCompile>
  </ItemGroup>
  <ItemGroup>
    <None Include="..\Examples\EEModel\CA\w.json">
      <Filter>Resource Files\Examples\CA</Filter>
    </None>
    <None Include="..\Examples\EEModel\CA\distribution_hh.json">
      <Filter>Resource Files\Examples\CA</Filter>
    </None>
    <None Include="..\Examples\EEModel\CA\eemodel.model">
      <Filter>Resource Files\Examples\CA</Filter>
    </None>
    <None Include="..\Examples\EEModel\CA\g.json">
      <Filter>Resource Files\Examples\CA</Filter>
    </None>
    <None Include="..\Examples\EEModel\CA\geography.json">
      <Filter>Resource Files\Examples\CA</Filter>
    </None>
    <None Include="..\Examples\EEModel\CA\ho.json">
      <Filter>Resource Files\Examples\CA</Filter>
    </None>
    <None Include="..\Examples\EEModel\CA\joint_distribution_hh.csv">
      <Filter>Resource Files\Examples\CA</Filter>
    </None>
    <None Include="..\Examples\EEModel\CA\sei.json">
      <Filter>Resource Files\Examples\CA</Filter>
    </None>
    <None Include="..\Examples\EEModel\CA\sem.json">
      <Filter>Resource Files\Examples\CA</Filter>
    </None>
    <None Include="..\Examples\EEModel\CA\solar_equipment.json">
      <Filter>Resource Files\Examples\CA</Filter>
    </None>
    <None Include="..\Examples\EEModel\CA\utility.json">
      <Filter>Resource Files\Examples\CA</Filter>
    </None>
    <None Include="..\Examples\EEModel\MA\distribution.json">
      <Filter>Resource Files\Examples\MA</Filter>
    </None>
    <None Include="..\Examples\EEModel\MA\distribution_hh.json">
      <Filter>Resource Files\Examples\MA</Filter>
    </None>
    <None Include="..\Examples\EEModel\MA\eemodel.model">
      <Filter>Resource Files\Examples\MA</Filter>
    </None>
    <None Include="..\Examples\EEModel\MA\g.json">
      <Filter>Resource Files\Examples\MA</Filter>
    </None>
    <None Include="..\Examples\EEModel\MA\geography.json">
      <Filter>Resource Files\Examples\MA</Filter>
    </None>
    <None Include="..\Examples\EEModel\MA\ho.json">
      <Filter>Resource Files\Examples\MA</Filter>
    </None>
    <None Include="..\Examples\EEModel\MA\joint_distribution_hh.csv">
      <Filter>Resource Files\Examples\MA</Filter>
    </None>
    <None Include="..\Examples\EEModel\MA\sei.json">
      <Filter>Resource Files\Examples\MA</Filter>
    </None>
    <None Include="..\Examples\EEModel\MA\sem.json">
      <Filter>Resource Files\Examples\MA</Filter>
    </None>
    <None Include="..\Examples\EEModel\MA\solar_equipment.json">
      <Filter>Resource Files\Examples\MA</Filter>
    </None>
    <None Include="..\Examples\EEModel\MA\utility.json">
      <Filter>Resource Files\Examples\MA</Filter>
    </None>
    <None Include="..\Examples\EEModel\MA\w.json">
      <Filter>Resource Files\Examples\MA</Filter>
    </None>
    <None Include="..\Examples\EEModel_Sep-19-2017\RelBaseLearn08\CA\distribution.json">
      <Filter>Resource Files\RelBaseLearn08\CA</Filter>
    </None>
    <None Include="..\Examples\EEModel_Sep-19-2017\RelBaseLearn08\CA\distribution_hh.json">
      <Filter>Resource Files\RelBaseLearn08\CA</Filter>
    </None>
    <None Include="..\Examples\EEModel_Sep-19-2017\RelBaseLearn08\CA\eemodel.model">
      <Filter>Resource Files\RelBaseLearn08\CA</Filter>
    </None>
    <None Include="..\Examples\EEModel_Sep-19-2017\RelBaseLearn08\CA\g.json">
      <Filter>Resource Files\RelBaseLearn08\CA</Filter>
    </None>
    <None Include="..\Examples\EEModel_Sep-19-2017\RelBaseLearn08\CA\geography.json">
      <Filter>Resource Files\RelBaseLearn08\CA</Filter>
    </None>
    <None Include="..\Examples\EEModel_Sep-19-2017\RelBaseLearn08\CA\ho.json">
      <Filter>Resource Files\RelBaseLearn08\CA</Filter>
    </None>
    <None Include="..\Examples\EEModel_Sep-19-2017\RelBaseLearn08\CA\joint_distribution_hh.csv">
      <Filter>Resource Files\RelBaseLearn08\CA</Filter>
    </None>
    <None Include="..\Examples\EEModel_Sep-19-2017\RelBaseLearn08\CA\sei.json">
      <Filter>Resource Files\RelBaseLearn08\CA</Filter>
    </None>
    <None Include="..\Examples\EEModel_Sep-19-2017\RelBaseLearn08\CA\sem.json">
      <Filter>Resource Files\RelBaseLearn08\CA</Filter>
    </None>
    <None Include="..\Examples\EEModel_Sep-19-2017\RelBaseLearn08\CA\solar_equipment.json">
      <Filter>Resource Files\RelBaseLearn08\CA</Filter>
    </None>
    <None Include="..\Examples\EEModel_Sep-19-2017\RelBaseLearn08\CA\utility.json">
      <Filter>Resource Files\RelBaseLearn08\CA</Filter>
    </None>
    <None Include="..\Examples\EEModel_Sep-19-2017\RelBaseLearn08\CA\w.json">
      <Filter>Resource Files\RelBaseLearn08\CA</Filter>
    </None>
  </ItemGroup>
  <ItemGroup>
    <ClInclude Include="..\EE\UI\model.h">
      <Filter>Header Files\UI</Filter>
    </ClInclude>
    <ClInclude Include="..\Source\UI\UIBL.h">
      <Filter>Header Files\UI</Filter>
    </ClInclude>
    <ClInclude Include="..\Source\Agents\SEMBL.h">
      <Filter>Header Files\Agents</Filter>
    </ClInclude>
    <ClInclude Include="..\Source\Agents\SEIBL.h">
      <Filter>Header Files\Agents</Filter>
    </ClInclude>
    <ClInclude Include="..\Source\Physics\SolarPanelBL.h">
      <Filter>Header Files\Physics</Filter>
    </ClInclude>
  </ItemGroup>
</Project>