// !$*UTF8*$!
{
	archiveVersion = 1;
	classes = {
	};
	objectVersion = 46;
	objects = {

/* Begin PBXBuildFile section */
		ED3EA2181C9F440000C2B70E /* G.cpp in Sources */ = {isa = PBXBuildFile; fileRef = ED3EA2161C9F440000C2B70E /* G.cpp */; };
		EDAC55781CD278F6004D8DA5 /* SEM.cpp in Sources */ = {isa = PBXBuildFile; fileRef = EDAC55771CD278F6004D8DA5 /* SEM.cpp */; };
		EDDA11661C8512D400763818 /* MarketingSystem.cpp in Sources */ = {isa = PBXBuildFile; fileRef = EDDA11651C8512D400763818 /* MarketingSystem.cpp */; };
		EDDA11691C85131100763818 /* IAgent.cpp in Sources */ = {isa = PBXBuildFile; fileRef = EDDA11671C85131100763818 /* IAgent.cpp */; };
		EDDA116C1C85145300763818 /* IInstitute.cpp in Sources */ = {isa = PBXBuildFile; fileRef = EDDA116A1C85145300763818 /* IInstitute.cpp */; };
		EDDA116F1C8515D800763818 /* IMessage.cpp in Sources */ = {isa = PBXBuildFile; fileRef = EDDA116D1C8515D800763818 /* IMessage.cpp */; };
		EDDB3FE81C7DA16200A6EA1F /* main.cpp in Sources */ = {isa = PBXBuildFile; fileRef = EDDB3FE61C7DA16200A6EA1F /* main.cpp */; };
		EDDC11C11C8E9D6D005670BD /* SEI.cpp in Sources */ = {isa = PBXBuildFile; fileRef = EDDC11C01C8E9D6D005670BD /* SEI.cpp */; };
		EDDC11C41C8EAF5F005670BD /* WorldSettings.cpp in Sources */ = {isa = PBXBuildFile; fileRef = EDDC11C21C8EAF5F005670BD /* WorldSettings.cpp */; };
		EDDC11C71C8F9FF7005670BD /* SolarPanel.cpp in Sources */ = {isa = PBXBuildFile; fileRef = EDDC11C51C8F9FF7005670BD /* SolarPanel.cpp */; };
		EDDFEC031CC2E03B005580A5 /* operations.cpp in Sources */ = {isa = PBXBuildFile; fileRef = EDDFEBF81CC2E03B005580A5 /* operations.cpp */; };
		EDDFEC041CC2E03B005580A5 /* codecvt_error_category.cpp in Sources */ = {isa = PBXBuildFile; fileRef = EDDFEBF91CC2E03B005580A5 /* codecvt_error_category.cpp */; };
		EDDFEC051CC2E03B005580A5 /* path_traits.cpp in Sources */ = {isa = PBXBuildFile; fileRef = EDDFEBFA1CC2E03B005580A5 /* path_traits.cpp */; };
		EDDFEC061CC2E03B005580A5 /* path.cpp in Sources */ = {isa = PBXBuildFile; fileRef = EDDFEBFB1CC2E03B005580A5 /* path.cpp */; };
		EDDFEC071CC2E03B005580A5 /* portability.cpp in Sources */ = {isa = PBXBuildFile; fileRef = EDDFEBFC1CC2E03B005580A5 /* portability.cpp */; };
		EDDFEC081CC2E03B005580A5 /* unique_path.cpp in Sources */ = {isa = PBXBuildFile; fileRef = EDDFEBFD1CC2E03B005580A5 /* unique_path.cpp */; };
		EDDFEC091CC2E03B005580A5 /* utf8_codecvt_facet.cpp in Sources */ = {isa = PBXBuildFile; fileRef = EDDFEBFE1CC2E03B005580A5 /* utf8_codecvt_facet.cpp */; };
		EDDFEC0A1CC2E03B005580A5 /* windows_file_codecvt.cpp in Sources */ = {isa = PBXBuildFile; fileRef = EDDFEBFF1CC2E03B005580A5 /* windows_file_codecvt.cpp */; };
		EDDFEC0B1CC2E03B005580A5 /* error_code.cpp in Sources */ = {isa = PBXBuildFile; fileRef = EDDFEC021CC2E03B005580A5 /* error_code.cpp */; };
		EDE03AD91CB6B43A00C79A22 /* IInstitute.cpp in Sources */ = {isa = PBXBuildFile; fileRef = EDE03AD31CB6B43900C79A22 /* IInstitute.cpp */; };
		EDE03ADA1CB6B43A00C79A22 /* IMessage.cpp in Sources */ = {isa = PBXBuildFile; fileRef = EDE03AD51CB6B43900C79A22 /* IMessage.cpp */; };
		EDE03AE21CB88F2200C79A22 /* IParameters.cpp in Sources */ = {isa = PBXBuildFile; fileRef = EDE03AE11CB88F2200C79A22 /* IParameters.cpp */; };
		EDE03AE51CBB3A5400C79A22 /* Geography.cpp in Sources */ = {isa = PBXBuildFile; fileRef = EDE03AE41CBB3A5400C79A22 /* Geography.cpp */; };
		EDE03AE71CBBF68900C79A22 /* Serialize.cpp in Sources */ = {isa = PBXBuildFile; fileRef = EDE03AE61CBBF68900C79A22 /* Serialize.cpp */; };
		EDE0FD931CC0058100115115 /* IRandom.cpp in Sources */ = {isa = PBXBuildFile; fileRef = EDE0FD911CC0058100115115 /* IRandom.cpp */; };
		EDEDFCF91C87BA5100A26BA5 /* W.cpp in Sources */ = {isa = PBXBuildFile; fileRef = EDEDFCF81C87BA5100A26BA5 /* W.cpp */; };
		EDEDFCFB1C87BF5800A26BA5 /* H.cpp in Sources */ = {isa = PBXBuildFile; fileRef = EDEDFCFA1C87BF5800A26BA5 /* H.cpp */; };
/* End PBXBuildFile section */

/* Begin PBXCopyFilesBuildPhase section */
		EDDB3FB01C7C402D00A6EA1F /* CopyFiles */ = {
			isa = PBXCopyFilesBuildPhase;
			buildActionMask = 2147483647;
			dstPath = /usr/share/man/man1/;
			dstSubfolderSpec = 0;
			files = (
			);
			runOnlyForDeploymentPostprocessing = 1;
		};
/* End PBXCopyFilesBuildPhase section */

/* Begin PBXFileReference section */
		ED0E14151C98BD2B00A41B24 /* basemodel.json */ = {isa = PBXFileReference; fileEncoding = 4; lastKnownFileType = text.json; path = basemodel.json; sourceTree = "<group>"; };
		ED3EA2161C9F440000C2B70E /* G.cpp */ = {isa = PBXFileReference; fileEncoding = 4; lastKnownFileType = sourcecode.cpp.cpp; path = G.cpp; sourceTree = "<group>"; };
		ED3EA2171C9F440000C2B70E /* G.h */ = {isa = PBXFileReference; fileEncoding = 4; lastKnownFileType = sourcecode.c.h; path = G.h; sourceTree = "<group>"; };
		EDAC55771CD278F6004D8DA5 /* SEM.cpp */ = {isa = PBXFileReference; fileEncoding = 4; lastKnownFileType = sourcecode.cpp.cpp; path = SEM.cpp; sourceTree = "<group>"; };
		EDDA11651C8512D400763818 /* MarketingSystem.cpp */ = {isa = PBXFileReference; fileEncoding = 4; lastKnownFileType = sourcecode.cpp.cpp; path = MarketingSystem.cpp; sourceTree = "<group>"; };
		EDDA11671C85131100763818 /* IAgent.cpp */ = {isa = PBXFileReference; fileEncoding = 4; lastKnownFileType = sourcecode.cpp.cpp; path = IAgent.cpp; sourceTree = "<group>"; };
		EDDA11681C85131100763818 /* IAgent.h */ = {isa = PBXFileReference; fileEncoding = 4; lastKnownFileType = sourcecode.c.h; lineEnding = 0; path = IAgent.h; sourceTree = "<group>"; xcLanguageSpecificationIdentifier = xcode.lang.objcpp; };
		EDDA116A1C85145300763818 /* IInstitute.cpp */ = {isa = PBXFileReference; fileEncoding = 4; lastKnownFileType = sourcecode.cpp.cpp; path = IInstitute.cpp; sourceTree = "<group>"; };
		EDDA116B1C85145300763818 /* IInstitute.h */ = {isa = PBXFileReference; fileEncoding = 4; lastKnownFileType = sourcecode.c.h; path = IInstitute.h; sourceTree = "<group>"; };
		EDDA116D1C8515D800763818 /* IMessage.cpp */ = {isa = PBXFileReference; fileEncoding = 4; lastKnownFileType = sourcecode.cpp.cpp; path = IMessage.cpp; sourceTree = "<group>"; };
		EDDA116E1C8515D800763818 /* IMessage.h */ = {isa = PBXFileReference; fileEncoding = 4; lastKnownFileType = sourcecode.c.h; lineEnding = 0; path = IMessage.h; sourceTree = "<group>"; xcLanguageSpecificationIdentifier = xcode.lang.objcpp; };
		EDDB3FB21C7C402D00A6EA1F /* ABMSolar */ = {isa = PBXFileReference; explicitFileType = "compiled.mach-o.executable"; includeInIndex = 0; path = ABMSolar; sourceTree = BUILT_PRODUCTS_DIR; };
		EDDB3FDB1C7DA16200A6EA1F /* H.h */ = {isa = PBXFileReference; fileEncoding = 4; lastKnownFileType = sourcecode.c.h; lineEnding = 0; path = H.h; sourceTree = "<group>"; xcLanguageSpecificationIdentifier = xcode.lang.objcpp; };
		EDDB3FDC1C7DA16200A6EA1F /* SEI.h */ = {isa = PBXFileReference; fileEncoding = 4; lastKnownFileType = sourcecode.c.h; lineEnding = 0; path = SEI.h; sourceTree = "<group>"; xcLanguageSpecificationIdentifier = xcode.lang.objcpp; };
		EDDB3FDD1C7DA16200A6EA1F /* SEM.h */ = {isa = PBXFileReference; fileEncoding = 4; lastKnownFileType = sourcecode.c.h; path = SEM.h; sourceTree = "<group>"; };
		EDDB3FDF1C7DA16200A6EA1F /* Geography.h */ = {isa = PBXFileReference; fileEncoding = 4; lastKnownFileType = sourcecode.c.h; path = Geography.h; sourceTree = "<group>"; };
		EDDB3FE11C7DA16200A6EA1F /* MarketingSystem.h */ = {isa = PBXFileReference; fileEncoding = 4; lastKnownFileType = sourcecode.c.h; lineEnding = 0; path = MarketingSystem.h; sourceTree = "<group>"; xcLanguageSpecificationIdentifier = xcode.lang.objcpp; };
		EDDB3FE31C7DA16200A6EA1F /* Documentation.h */ = {isa = PBXFileReference; fileEncoding = 4; lastKnownFileType = sourcecode.c.h; path = Documentation.h; sourceTree = "<group>"; };
		EDDB3FE41C7DA16200A6EA1F /* IParameters.h */ = {isa = PBXFileReference; fileEncoding = 4; lastKnownFileType = sourcecode.c.h; path = IParameters.h; sourceTree = "<group>"; };
		EDDB3FE61C7DA16200A6EA1F /* main.cpp */ = {isa = PBXFileReference; fileEncoding = 4; lastKnownFileType = sourcecode.cpp.cpp; path = main.cpp; sourceTree = "<group>"; };
		EDDB3FE71C7DA16200A6EA1F /* W.h */ = {isa = PBXFileReference; fileEncoding = 4; lastKnownFileType = sourcecode.c.h; path = W.h; sourceTree = "<group>"; };
		EDDC11C01C8E9D6D005670BD /* SEI.cpp */ = {isa = PBXFileReference; fileEncoding = 4; lastKnownFileType = sourcecode.cpp.cpp; lineEnding = 0; path = SEI.cpp; sourceTree = "<group>"; xcLanguageSpecificationIdentifier = xcode.lang.cpp; };
		EDDC11C21C8EAF5F005670BD /* WorldSettings.cpp */ = {isa = PBXFileReference; fileEncoding = 4; lastKnownFileType = sourcecode.cpp.cpp; path = WorldSettings.cpp; sourceTree = "<group>"; };
		EDDC11C31C8EAF5F005670BD /* WorldSettings.h */ = {isa = PBXFileReference; fileEncoding = 4; lastKnownFileType = sourcecode.c.h; path = WorldSettings.h; sourceTree = "<group>"; };
		EDDC11C51C8F9FF7005670BD /* SolarPanel.cpp */ = {isa = PBXFileReference; fileEncoding = 4; lastKnownFileType = sourcecode.cpp.cpp; path = SolarPanel.cpp; sourceTree = "<group>"; };
		EDDC11C61C8F9FF7005670BD /* SolarPanel.h */ = {isa = PBXFileReference; fileEncoding = 4; lastKnownFileType = sourcecode.c.h; path = SolarPanel.h; sourceTree = "<group>"; };
		EDDC11C81C8FEB08005670BD /* ExternalIncludes.h */ = {isa = PBXFileReference; fileEncoding = 4; lastKnownFileType = sourcecode.c.h; path = ExternalIncludes.h; sourceTree = "<group>"; };
		EDDFEBF81CC2E03B005580A5 /* operations.cpp */ = {isa = PBXFileReference; fileEncoding = 4; lastKnownFileType = sourcecode.cpp.cpp; name = operations.cpp; path = ExternalTools/boost/operations.cpp; sourceTree = "<group>"; };
		EDDFEBF91CC2E03B005580A5 /* codecvt_error_category.cpp */ = {isa = PBXFileReference; fileEncoding = 4; lastKnownFileType = sourcecode.cpp.cpp; name = codecvt_error_category.cpp; path = ExternalTools/boost/codecvt_error_category.cpp; sourceTree = "<group>"; };
		EDDFEBFA1CC2E03B005580A5 /* path_traits.cpp */ = {isa = PBXFileReference; fileEncoding = 4; lastKnownFileType = sourcecode.cpp.cpp; name = path_traits.cpp; path = ExternalTools/boost/path_traits.cpp; sourceTree = "<group>"; };
		EDDFEBFB1CC2E03B005580A5 /* path.cpp */ = {isa = PBXFileReference; fileEncoding = 4; lastKnownFileType = sourcecode.cpp.cpp; name = path.cpp; path = ExternalTools/boost/path.cpp; sourceTree = "<group>"; };
		EDDFEBFC1CC2E03B005580A5 /* portability.cpp */ = {isa = PBXFileReference; fileEncoding = 4; lastKnownFileType = sourcecode.cpp.cpp; name = portability.cpp; path = ExternalTools/boost/portability.cpp; sourceTree = "<group>"; };
		EDDFEBFD1CC2E03B005580A5 /* unique_path.cpp */ = {isa = PBXFileReference; fileEncoding = 4; lastKnownFileType = sourcecode.cpp.cpp; name = unique_path.cpp; path = ExternalTools/boost/unique_path.cpp; sourceTree = "<group>"; };
		EDDFEBFE1CC2E03B005580A5 /* utf8_codecvt_facet.cpp */ = {isa = PBXFileReference; fileEncoding = 4; lastKnownFileType = sourcecode.cpp.cpp; name = utf8_codecvt_facet.cpp; path = ExternalTools/boost/utf8_codecvt_facet.cpp; sourceTree = "<group>"; };
		EDDFEBFF1CC2E03B005580A5 /* windows_file_codecvt.cpp */ = {isa = PBXFileReference; fileEncoding = 4; lastKnownFileType = sourcecode.cpp.cpp; name = windows_file_codecvt.cpp; path = ExternalTools/boost/windows_file_codecvt.cpp; sourceTree = "<group>"; };
		EDDFEC001CC2E03B005580A5 /* windows_file_codecvt.hpp */ = {isa = PBXFileReference; fileEncoding = 4; lastKnownFileType = sourcecode.cpp.h; name = windows_file_codecvt.hpp; path = ExternalTools/boost/windows_file_codecvt.hpp; sourceTree = "<group>"; };
		EDDFEC011CC2E03B005580A5 /* description.txt */ = {isa = PBXFileReference; fileEncoding = 4; lastKnownFileType = text; name = description.txt; path = ExternalTools/boost/description.txt; sourceTree = "<group>"; };
		EDDFEC021CC2E03B005580A5 /* error_code.cpp */ = {isa = PBXFileReference; fileEncoding = 4; lastKnownFileType = sourcecode.cpp.cpp; name = error_code.cpp; path = ExternalTools/boost/error_code.cpp; sourceTree = "<group>"; };
		EDE03AD11CB1F81600C79A22 /* solar_module.json */ = {isa = PBXFileReference; fileEncoding = 4; lastKnownFileType = text.json; path = solar_module.json; sourceTree = "<group>"; };
		EDE03AD31CB6B43900C79A22 /* IInstitute.cpp */ = {isa = PBXFileReference; fileEncoding = 4; lastKnownFileType = sourcecode.cpp.cpp; path = IInstitute.cpp; sourceTree = "<group>"; };
		EDE03AD41CB6B43900C79A22 /* IInstitute.h */ = {isa = PBXFileReference; fileEncoding = 4; lastKnownFileType = sourcecode.c.h; path = IInstitute.h; sourceTree = "<group>"; };
		EDE03AD51CB6B43900C79A22 /* IMessage.cpp */ = {isa = PBXFileReference; fileEncoding = 4; lastKnownFileType = sourcecode.cpp.cpp; path = IMessage.cpp; sourceTree = "<group>"; };
		EDE03AD61CB6B43900C79A22 /* IMessage.h */ = {isa = PBXFileReference; fileEncoding = 4; lastKnownFileType = sourcecode.c.h; path = IMessage.h; sourceTree = "<group>"; xcLanguageSpecificationIdentifier = xcode.lang.objcpp; };
		EDE03AD71CB6B43900C79A22 /* MarketingSystem.cpp */ = {isa = PBXFileReference; fileEncoding = 4; lastKnownFileType = sourcecode.cpp.cpp; path = MarketingSystem.cpp; sourceTree = "<group>"; };
		EDE03AD81CB6B43900C79A22 /* MarketingSystem.h */ = {isa = PBXFileReference; fileEncoding = 4; lastKnownFileType = sourcecode.c.h; path = MarketingSystem.h; sourceTree = "<group>"; xcLanguageSpecificationIdentifier = xcode.lang.objcpp; };
		EDE03ADC1CB8070500C79A22 /* g.json */ = {isa = PBXFileReference; fileEncoding = 4; lastKnownFileType = text.json; path = g.json; sourceTree = "<group>"; };
		EDE03ADD1CB8070500C79A22 /* hh.json */ = {isa = PBXFileReference; fileEncoding = 4; lastKnownFileType = text.json; path = hh.json; sourceTree = "<group>"; };
		EDE03ADE1CB8070500C79A22 /* sei.json */ = {isa = PBXFileReference; fileEncoding = 4; lastKnownFileType = text.json; path = sei.json; sourceTree = "<group>"; };
		EDE03ADF1CB8070500C79A22 /* sem.json */ = {isa = PBXFileReference; fileEncoding = 4; lastKnownFileType = text.json; path = sem.json; sourceTree = "<group>"; };
		EDE03AE01CB8184C00C79A22 /* Serialize.h */ = {isa = PBXFileReference; fileEncoding = 4; lastKnownFileType = sourcecode.c.h; path = Serialize.h; sourceTree = "<group>"; };
		EDE03AE11CB88F2200C79A22 /* IParameters.cpp */ = {isa = PBXFileReference; fileEncoding = 4; lastKnownFileType = sourcecode.cpp.cpp; path = IParameters.cpp; sourceTree = "<group>"; };
		EDE03AE31CBB395B00C79A22 /* geography.json */ = {isa = PBXFileReference; fileEncoding = 4; lastKnownFileType = text.json; path = geography.json; sourceTree = "<group>"; };
		EDE03AE41CBB3A5400C79A22 /* Geography.cpp */ = {isa = PBXFileReference; fileEncoding = 4; lastKnownFileType = sourcecode.cpp.cpp; path = Geography.cpp; sourceTree = "<group>"; };
		EDE03AE61CBBF68900C79A22 /* Serialize.cpp */ = {isa = PBXFileReference; fileEncoding = 4; lastKnownFileType = sourcecode.cpp.cpp; path = Serialize.cpp; sourceTree = "<group>"; };
		EDE0FD911CC0058100115115 /* IRandom.cpp */ = {isa = PBXFileReference; fileEncoding = 4; lastKnownFileType = sourcecode.cpp.cpp; path = IRandom.cpp; sourceTree = "<group>"; };
		EDE0FD921CC0058100115115 /* IRandom.h */ = {isa = PBXFileReference; fileEncoding = 4; lastKnownFileType = sourcecode.c.h; path = IRandom.h; sourceTree = "<group>"; };
		EDEDFCF81C87BA5100A26BA5 /* W.cpp */ = {isa = PBXFileReference; fileEncoding = 4; lastKnownFileType = sourcecode.cpp.cpp; path = W.cpp; sourceTree = "<group>"; };
		EDEDFCFA1C87BF5800A26BA5 /* H.cpp */ = {isa = PBXFileReference; fileEncoding = 4; lastKnownFileType = sourcecode.cpp.cpp; lineEnding = 0; path = H.cpp; sourceTree = "<group>"; xcLanguageSpecificationIdentifier = xcode.lang.cpp; };
/* End PBXFileReference section */

/* Begin PBXFrameworksBuildPhase section */
		EDDB3FAF1C7C402D00A6EA1F /* Frameworks */ = {
			isa = PBXFrameworksBuildPhase;
			buildActionMask = 2147483647;
			files = (
			);
			runOnlyForDeploymentPostprocessing = 0;
		};
/* End PBXFrameworksBuildPhase section */

/* Begin PBXGroup section */
		ED0E14131C98BD2B00A41B24 /* Examples */ = {
			isa = PBXGroup;
			children = (
				ED0E14141C98BD2B00A41B24 /* BaseModel */,
			);
			path = Examples;
			sourceTree = "<group>";
		};
		ED0E14141C98BD2B00A41B24 /* BaseModel */ = {
			isa = PBXGroup;
			children = (
				EDE03AE31CBB395B00C79A22 /* geography.json */,
				ED0E14151C98BD2B00A41B24 /* basemodel.json */,
				EDE03ADC1CB8070500C79A22 /* g.json */,
				EDE03ADD1CB8070500C79A22 /* hh.json */,
				EDE03ADE1CB8070500C79A22 /* sei.json */,
				EDE03ADF1CB8070500C79A22 /* sem.json */,
				EDE03AD11CB1F81600C79A22 /* solar_module.json */,
			);
			path = BaseModel;
			sourceTree = "<group>";
		};
		EDDB3FA91C7C402D00A6EA1F = {
			isa = PBXGroup;
			children = (
				EDDB3FD91C7DA16200A6EA1F /* Source */,
				EDDB3FB31C7C402D00A6EA1F /* Products */,
			);
			sourceTree = "<group>";
		};
		EDDB3FB31C7C402D00A6EA1F /* Products */ = {
			isa = PBXGroup;
			children = (
				EDDB3FB21C7C402D00A6EA1F /* ABMSolar */,
			);
			name = Products;
			sourceTree = "<group>";
		};
		EDDB3FD91C7DA16200A6EA1F /* Source */ = {
			isa = PBXGroup;
			children = (
				EDDFEBF61CC2E01D005580A5 /* ExternalTools */,
				EDE03AD21CB6B43900C79A22 /* Institutions */,
				ED0E14131C98BD2B00A41B24 /* Examples */,
				EDDB3FDA1C7DA16200A6EA1F /* Agents */,
				EDDB3FDE1C7DA16200A6EA1F /* Geography */,
				EDDB3FE01C7DA16200A6EA1F /* Institutions */,
				EDDB3FE21C7DA16200A6EA1F /* Tools */,
				EDDB3FE51C7DA16200A6EA1F /* UI */,
			);
			path = Source;
			sourceTree = "<group>";
		};
		EDDB3FDA1C7DA16200A6EA1F /* Agents */ = {
			isa = PBXGroup;
			children = (
				ED3EA2161C9F440000C2B70E /* G.cpp */,
				ED3EA2171C9F440000C2B70E /* G.h */,
				EDEDFCFA1C87BF5800A26BA5 /* H.cpp */,
				EDDB3FDB1C7DA16200A6EA1F /* H.h */,
				EDDA11671C85131100763818 /* IAgent.cpp */,
				EDDA11681C85131100763818 /* IAgent.h */,
				EDDC11C01C8E9D6D005670BD /* SEI.cpp */,
				EDDB3FDC1C7DA16200A6EA1F /* SEI.h */,
				EDDB3FDD1C7DA16200A6EA1F /* SEM.h */,
				EDDC11C51C8F9FF7005670BD /* SolarPanel.cpp */,
				EDDC11C61C8F9FF7005670BD /* SolarPanel.h */,
				EDAC55771CD278F6004D8DA5 /* SEM.cpp */,
			);
			path = Agents;
			sourceTree = "<group>";
		};
		EDDB3FDE1C7DA16200A6EA1F /* Geography */ = {
			isa = PBXGroup;
			children = (
				EDDB3FDF1C7DA16200A6EA1F /* Geography.h */,
				EDE03AE41CBB3A5400C79A22 /* Geography.cpp */,
			);
			path = Geography;
			sourceTree = "<group>";
		};
		EDDB3FE01C7DA16200A6EA1F /* Institutions */ = {
			isa = PBXGroup;
			children = (
				EDDA116A1C85145300763818 /* IInstitute.cpp */,
				EDDA116B1C85145300763818 /* IInstitute.h */,
				EDDA116D1C8515D800763818 /* IMessage.cpp */,
				EDDA116E1C8515D800763818 /* IMessage.h */,
				EDDA11651C8512D400763818 /* MarketingSystem.cpp */,
				EDDB3FE11C7DA16200A6EA1F /* MarketingSystem.h */,
			);
			path = Institutions;
			sourceTree = "<group>";
		};
		EDDB3FE21C7DA16200A6EA1F /* Tools */ = {
			isa = PBXGroup;
			children = (
				EDDB3FE31C7DA16200A6EA1F /* Documentation.h */,
				EDDC11C81C8FEB08005670BD /* ExternalIncludes.h */,
				EDE03AE11CB88F2200C79A22 /* IParameters.cpp */,
				EDDB3FE41C7DA16200A6EA1F /* IParameters.h */,
				EDE0FD911CC0058100115115 /* IRandom.cpp */,
				EDE0FD921CC0058100115115 /* IRandom.h */,
				EDE03AE61CBBF68900C79A22 /* Serialize.cpp */,
				EDE03AE01CB8184C00C79A22 /* Serialize.h */,
				EDDC11C21C8EAF5F005670BD /* WorldSettings.cpp */,
				EDDC11C31C8EAF5F005670BD /* WorldSettings.h */,
			);
			path = Tools;
			sourceTree = "<group>";
		};
		EDDB3FE51C7DA16200A6EA1F /* UI */ = {
			isa = PBXGroup;
			children = (
				EDDB3FE61C7DA16200A6EA1F /* main.cpp */,
				EDEDFCF81C87BA5100A26BA5 /* W.cpp */,
				EDDB3FE71C7DA16200A6EA1F /* W.h */,
			);
			path = UI;
			sourceTree = "<group>";
		};
		EDDFEBF61CC2E01D005580A5 /* ExternalTools */ = {
			isa = PBXGroup;
			children = (
				EDDFEBF71CC2E028005580A5 /* boost */,
			);
			name = ExternalTools;
			sourceTree = "<group>";
		};
		EDDFEBF71CC2E028005580A5 /* boost */ = {
			isa = PBXGroup;
			children = (
				EDDFEBF81CC2E03B005580A5 /* operations.cpp */,
				EDDFEBF91CC2E03B005580A5 /* codecvt_error_category.cpp */,
				EDDFEBFA1CC2E03B005580A5 /* path_traits.cpp */,
				EDDFEBFB1CC2E03B005580A5 /* path.cpp */,
				EDDFEBFC1CC2E03B005580A5 /* portability.cpp */,
				EDDFEBFD1CC2E03B005580A5 /* unique_path.cpp */,
				EDDFEBFE1CC2E03B005580A5 /* utf8_codecvt_facet.cpp */,
				EDDFEBFF1CC2E03B005580A5 /* windows_file_codecvt.cpp */,
				EDDFEC001CC2E03B005580A5 /* windows_file_codecvt.hpp */,
				EDDFEC011CC2E03B005580A5 /* description.txt */,
				EDDFEC021CC2E03B005580A5 /* error_code.cpp */,
			);
			name = boost;
			sourceTree = "<group>";
		};
		EDE03AD21CB6B43900C79A22 /* Institutions */ = {
			isa = PBXGroup;
			children = (
				EDE03AD31CB6B43900C79A22 /* IInstitute.cpp */,
				EDE03AD41CB6B43900C79A22 /* IInstitute.h */,
				EDE03AD51CB6B43900C79A22 /* IMessage.cpp */,
				EDE03AD61CB6B43900C79A22 /* IMessage.h */,
				EDE03AD71CB6B43900C79A22 /* MarketingSystem.cpp */,
				EDE03AD81CB6B43900C79A22 /* MarketingSystem.h */,
			);
			path = Institutions;
			sourceTree = "<group>";
		};
/* End PBXGroup section */

/* Begin PBXNativeTarget section */
		EDDB3FB11C7C402D00A6EA1F /* ABMSolar */ = {
			isa = PBXNativeTarget;
			buildConfigurationList = EDDB3FB91C7C402D00A6EA1F /* Build configuration list for PBXNativeTarget "ABMSolar" */;
			buildPhases = (
				EDDB3FAE1C7C402D00A6EA1F /* Sources */,
				EDDB3FAF1C7C402D00A6EA1F /* Frameworks */,
				EDDB3FB01C7C402D00A6EA1F /* CopyFiles */,
			);
			buildRules = (
			);
			dependencies = (
			);
			name = ABMSolar;
			productName = ABMSolar;
			productReference = EDDB3FB21C7C402D00A6EA1F /* ABMSolar */;
			productType = "com.apple.product-type.tool";
		};
/* End PBXNativeTarget section */

/* Begin PBXProject section */
		EDDB3FAA1C7C402D00A6EA1F /* Project object */ = {
			isa = PBXProject;
			attributes = {
				LastUpgradeCheck = 0610;
				ORGANIZATIONNAME = "IRIS Lab";
				TargetAttributes = {
					EDDB3FB11C7C402D00A6EA1F = {
						CreatedOnToolsVersion = 6.1.1;
					};
				};
			};
			buildConfigurationList = EDDB3FAD1C7C402D00A6EA1F /* Build configuration list for PBXProject "ABMSolar" */;
			compatibilityVersion = "Xcode 3.2";
			developmentRegion = English;
			hasScannedForEncodings = 0;
			knownRegions = (
				en,
			);
			mainGroup = EDDB3FA91C7C402D00A6EA1F;
			productRefGroup = EDDB3FB31C7C402D00A6EA1F /* Products */;
			projectDirPath = "";
			projectRoot = "";
			targets = (
				EDDB3FB11C7C402D00A6EA1F /* ABMSolar */,
			);
		};
/* End PBXProject section */

/* Begin PBXSourcesBuildPhase section */
		EDDB3FAE1C7C402D00A6EA1F /* Sources */ = {
			isa = PBXSourcesBuildPhase;
			buildActionMask = 2147483647;
			files = (
				EDE0FD931CC0058100115115 /* IRandom.cpp in Sources */,
				ED3EA2181C9F440000C2B70E /* G.cpp in Sources */,
				EDDC11C71C8F9FF7005670BD /* SolarPanel.cpp in Sources */,
				EDDFEC081CC2E03B005580A5 /* unique_path.cpp in Sources */,
				EDDFEC071CC2E03B005580A5 /* portability.cpp in Sources */,
				EDDB3FE81C7DA16200A6EA1F /* main.cpp in Sources */,
				EDDC11C11C8E9D6D005670BD /* SEI.cpp in Sources */,
				EDE03AE51CBB3A5400C79A22 /* Geography.cpp in Sources */,
				EDDFEC0B1CC2E03B005580A5 /* error_code.cpp in Sources */,
				EDAC55781CD278F6004D8DA5 /* SEM.cpp in Sources */,
				EDEDFCFB1C87BF5800A26BA5 /* H.cpp in Sources */,
				EDE03AD91CB6B43A00C79A22 /* IInstitute.cpp in Sources */,
				EDDFEC061CC2E03B005580A5 /* path.cpp in Sources */,
				EDDA116C1C85145300763818 /* IInstitute.cpp in Sources */,
				EDDFEC041CC2E03B005580A5 /* codecvt_error_category.cpp in Sources */,
				EDE03AE21CB88F2200C79A22 /* IParameters.cpp in Sources */,
				EDDFEC0A1CC2E03B005580A5 /* windows_file_codecvt.cpp in Sources */,
				EDDFEC031CC2E03B005580A5 /* operations.cpp in Sources */,
				EDDC11C41C8EAF5F005670BD /* WorldSettings.cpp in Sources */,
				EDDA11661C8512D400763818 /* MarketingSystem.cpp in Sources */,
				EDDFEC091CC2E03B005580A5 /* utf8_codecvt_facet.cpp in Sources */,
				EDEDFCF91C87BA5100A26BA5 /* W.cpp in Sources */,
				EDDFEC051CC2E03B005580A5 /* path_traits.cpp in Sources */,
				EDDA116F1C8515D800763818 /* IMessage.cpp in Sources */,
				EDDA11691C85131100763818 /* IAgent.cpp in Sources */,
				EDE03ADA1CB6B43A00C79A22 /* IMessage.cpp in Sources */,
				EDE03AE71CBBF68900C79A22 /* Serialize.cpp in Sources */,
			);
			runOnlyForDeploymentPostprocessing = 0;
		};
/* End PBXSourcesBuildPhase section */

/* Begin XCBuildConfiguration section */
		EDDB3FB71C7C402D00A6EA1F /* Debug */ = {
			isa = XCBuildConfiguration;
			buildSettings = {
				ALWAYS_SEARCH_USER_PATHS = NO;
				CLANG_CXX_LANGUAGE_STANDARD = "gnu++0x";
				CLANG_CXX_LIBRARY = "libc++";
				CLANG_ENABLE_MODULES = YES;
				CLANG_ENABLE_OBJC_ARC = YES;
				CLANG_WARN_BOOL_CONVERSION = YES;
				CLANG_WARN_CONSTANT_CONVERSION = YES;
				CLANG_WARN_DIRECT_OBJC_ISA_USAGE = YES_ERROR;
				CLANG_WARN_EMPTY_BODY = YES;
				CLANG_WARN_ENUM_CONVERSION = YES;
				CLANG_WARN_INT_CONVERSION = YES;
				CLANG_WARN_OBJC_ROOT_CLASS = YES_ERROR;
				CLANG_WARN_UNREACHABLE_CODE = YES;
				CLANG_WARN__DUPLICATE_METHOD_MATCH = YES;
				COPY_PHASE_STRIP = NO;
				ENABLE_STRICT_OBJC_MSGSEND = YES;
				GCC_C_LANGUAGE_STANDARD = gnu99;
				GCC_DYNAMIC_NO_PIC = NO;
				GCC_OPTIMIZATION_LEVEL = 0;
				GCC_PREPROCESSOR_DEFINITIONS = (
					"DEBUG=1",
					"$(inherited)",
				);
				GCC_SYMBOLS_PRIVATE_EXTERN = NO;
				GCC_WARN_64_TO_32_BIT_CONVERSION = YES;
				GCC_WARN_ABOUT_RETURN_TYPE = YES_ERROR;
				GCC_WARN_UNDECLARED_SELECTOR = YES;
				GCC_WARN_UNINITIALIZED_AUTOS = YES_AGGRESSIVE;
				GCC_WARN_UNUSED_FUNCTION = YES;
				GCC_WARN_UNUSED_VARIABLE = YES;
				MACOSX_DEPLOYMENT_TARGET = 10.10;
				MTL_ENABLE_DEBUG_INFO = YES;
				ONLY_ACTIVE_ARCH = YES;
				SDKROOT = macosx;
			};
			name = Debug;
		};
		EDDB3FB81C7C402D00A6EA1F /* Release */ = {
			isa = XCBuildConfiguration;
			buildSettings = {
				ALWAYS_SEARCH_USER_PATHS = NO;
				CLANG_CXX_LANGUAGE_STANDARD = "gnu++0x";
				CLANG_CXX_LIBRARY = "libc++";
				CLANG_ENABLE_MODULES = YES;
				CLANG_ENABLE_OBJC_ARC = YES;
				CLANG_WARN_BOOL_CONVERSION = YES;
				CLANG_WARN_CONSTANT_CONVERSION = YES;
				CLANG_WARN_DIRECT_OBJC_ISA_USAGE = YES_ERROR;
				CLANG_WARN_EMPTY_BODY = YES;
				CLANG_WARN_ENUM_CONVERSION = YES;
				CLANG_WARN_INT_CONVERSION = YES;
				CLANG_WARN_OBJC_ROOT_CLASS = YES_ERROR;
				CLANG_WARN_UNREACHABLE_CODE = YES;
				CLANG_WARN__DUPLICATE_METHOD_MATCH = YES;
				COPY_PHASE_STRIP = YES;
				DEBUG_INFORMATION_FORMAT = "dwarf-with-dsym";
				ENABLE_NS_ASSERTIONS = NO;
				ENABLE_STRICT_OBJC_MSGSEND = YES;
				GCC_C_LANGUAGE_STANDARD = gnu99;
				GCC_WARN_64_TO_32_BIT_CONVERSION = YES;
				GCC_WARN_ABOUT_RETURN_TYPE = YES_ERROR;
				GCC_WARN_UNDECLARED_SELECTOR = YES;
				GCC_WARN_UNINITIALIZED_AUTOS = YES_AGGRESSIVE;
				GCC_WARN_UNUSED_FUNCTION = YES;
				GCC_WARN_UNUSED_VARIABLE = YES;
				MACOSX_DEPLOYMENT_TARGET = 10.10;
				MTL_ENABLE_DEBUG_INFO = NO;
				SDKROOT = macosx;
			};
			name = Release;
		};
		EDDB3FBA1C7C402D00A6EA1F /* Debug */ = {
			isa = XCBuildConfiguration;
			buildSettings = {
				OTHER_CPLUSPLUSFLAGS = (
					"$(OTHER_CFLAGS)",
					"-isystem",
					/opt/local/include,
				);
				PRODUCT_NAME = "$(TARGET_NAME)";
				USER_HEADER_SEARCH_PATHS = "/opt/local/include ./Source";
			};
			name = Debug;
		};
		EDDB3FBB1C7C402D00A6EA1F /* Release */ = {
			isa = XCBuildConfiguration;
			buildSettings = {
				OTHER_CPLUSPLUSFLAGS = (
					"$(OTHER_CFLAGS)",
					"-isystem",
					/opt/local/include,
				);
				PRODUCT_NAME = "$(TARGET_NAME)";
				USER_HEADER_SEARCH_PATHS = "/opt/local/include ./Source";
			};
			name = Release;
		};
/* End XCBuildConfiguration section */

/* Begin XCConfigurationList section */
		EDDB3FAD1C7C402D00A6EA1F /* Build configuration list for PBXProject "ABMSolar" */ = {
			isa = XCConfigurationList;
			buildConfigurations = (
				EDDB3FB71C7C402D00A6EA1F /* Debug */,
				EDDB3FB81C7C402D00A6EA1F /* Release */,
			);
			defaultConfigurationIsVisible = 0;
			defaultConfigurationName = Release;
		};
		EDDB3FB91C7C402D00A6EA1F /* Build configuration list for PBXNativeTarget "ABMSolar" */ = {
			isa = XCConfigurationList;
			buildConfigurations = (
				EDDB3FBA1C7C402D00A6EA1F /* Debug */,
				EDDB3FBB1C7C402D00A6EA1F /* Release */,
			);
			defaultConfigurationIsVisible = 0;
			defaultConfigurationName = Release;
		};
/* End XCConfigurationList section */
	};
	rootObject = EDDB3FAA1C7C402D00A6EA1F /* Project object */;
}
