// !$*UTF8*$!
{
	archiveVersion = 1;
	classes = {
	};
	objectVersion = 46;
	objects = {

/* Begin PBXBuildFile section */
		EDDA11661C8512D400763818 /* MarketingSystem.cpp in Sources */ = {isa = PBXBuildFile; fileRef = EDDA11651C8512D400763818 /* MarketingSystem.cpp */; };
		EDDA11691C85131100763818 /* IAgent.cpp in Sources */ = {isa = PBXBuildFile; fileRef = EDDA11671C85131100763818 /* IAgent.cpp */; };
		EDDA116C1C85145300763818 /* IInstitute.cpp in Sources */ = {isa = PBXBuildFile; fileRef = EDDA116A1C85145300763818 /* IInstitute.cpp */; };
		EDDA116F1C8515D800763818 /* IMessage.cpp in Sources */ = {isa = PBXBuildFile; fileRef = EDDA116D1C8515D800763818 /* IMessage.cpp */; };
		EDDB3FE81C7DA16200A6EA1F /* main.cpp in Sources */ = {isa = PBXBuildFile; fileRef = EDDB3FE61C7DA16200A6EA1F /* main.cpp */; };
		EDDC11C11C8E9D6D005670BD /* SEI.cpp in Sources */ = {isa = PBXBuildFile; fileRef = EDDC11C01C8E9D6D005670BD /* SEI.cpp */; };
		EDDC11C41C8EAF5F005670BD /* WorldSettings.cpp in Sources */ = {isa = PBXBuildFile; fileRef = EDDC11C21C8EAF5F005670BD /* WorldSettings.cpp */; };
		EDDC11C71C8F9FF7005670BD /* SolarPanel.cpp in Sources */ = {isa = PBXBuildFile; fileRef = EDDC11C51C8F9FF7005670BD /* SolarPanel.cpp */; };
		EDEDFCF91C87BA5100A26BA5 /* W.cpp in Sources */ = {isa = PBXBuildFile; fileRef = EDEDFCF81C87BA5100A26BA5 /* W.cpp */; };
		EDEDFCFB1C87BF5800A26BA5 /* H.cpp in Sources */ = {isa = PBXBuildFile; fileRef = EDEDFCFA1C87BF5800A26BA5 /* H.cpp */; };
/* End PBXBuildFile section */

/* Begin PBXCopyFilesBuildPhase section */
		EDDB3FB01C7C402D00A6EA1F /* CopyFiles */ = {
			isa = PBXCopyFilesBuildPhase;
			buildActionMask = 2147483647;
			dstPath = /usr/share/man/man1/;
			dstSubfolderSpec = 0;
			files = (
			);
			runOnlyForDeploymentPostprocessing = 1;
		};
/* End PBXCopyFilesBuildPhase section */

/* Begin PBXFileReference section */
		EDDA11651C8512D400763818 /* MarketingSystem.cpp */ = {isa = PBXFileReference; fileEncoding = 4; lastKnownFileType = sourcecode.cpp.cpp; path = MarketingSystem.cpp; sourceTree = "<group>"; };
		EDDA11671C85131100763818 /* IAgent.cpp */ = {isa = PBXFileReference; fileEncoding = 4; lastKnownFileType = sourcecode.cpp.cpp; path = IAgent.cpp; sourceTree = "<group>"; };
		EDDA11681C85131100763818 /* IAgent.h */ = {isa = PBXFileReference; fileEncoding = 4; lastKnownFileType = sourcecode.c.h; lineEnding = 0; path = IAgent.h; sourceTree = "<group>"; xcLanguageSpecificationIdentifier = xcode.lang.objcpp; };
		EDDA116A1C85145300763818 /* IInstitute.cpp */ = {isa = PBXFileReference; fileEncoding = 4; lastKnownFileType = sourcecode.cpp.cpp; path = IInstitute.cpp; sourceTree = "<group>"; };
		EDDA116B1C85145300763818 /* IInstitute.h */ = {isa = PBXFileReference; fileEncoding = 4; lastKnownFileType = sourcecode.c.h; path = IInstitute.h; sourceTree = "<group>"; };
		EDDA116D1C8515D800763818 /* IMessage.cpp */ = {isa = PBXFileReference; fileEncoding = 4; lastKnownFileType = sourcecode.cpp.cpp; path = IMessage.cpp; sourceTree = "<group>"; };
		EDDA116E1C8515D800763818 /* IMessage.h */ = {isa = PBXFileReference; fileEncoding = 4; lastKnownFileType = sourcecode.c.h; lineEnding = 0; path = IMessage.h; sourceTree = "<group>"; xcLanguageSpecificationIdentifier = xcode.lang.objcpp; };
		EDDB3FB21C7C402D00A6EA1F /* ABMSolar */ = {isa = PBXFileReference; explicitFileType = "compiled.mach-o.executable"; includeInIndex = 0; path = ABMSolar; sourceTree = BUILT_PRODUCTS_DIR; };
		EDDB3FDB1C7DA16200A6EA1F /* H.h */ = {isa = PBXFileReference; fileEncoding = 4; lastKnownFileType = sourcecode.c.h; lineEnding = 0; path = H.h; sourceTree = "<group>"; xcLanguageSpecificationIdentifier = xcode.lang.objcpp; };
		EDDB3FDC1C7DA16200A6EA1F /* SEI.h */ = {isa = PBXFileReference; fileEncoding = 4; lastKnownFileType = sourcecode.c.h; lineEnding = 0; path = SEI.h; sourceTree = "<group>"; xcLanguageSpecificationIdentifier = xcode.lang.objcpp; };
		EDDB3FDD1C7DA16200A6EA1F /* SEM.h */ = {isa = PBXFileReference; fileEncoding = 4; lastKnownFileType = sourcecode.c.h; path = SEM.h; sourceTree = "<group>"; };
		EDDB3FDF1C7DA16200A6EA1F /* Geography.h */ = {isa = PBXFileReference; fileEncoding = 4; lastKnownFileType = sourcecode.c.h; path = Geography.h; sourceTree = "<group>"; };
		EDDB3FE11C7DA16200A6EA1F /* MarketingSystem.h */ = {isa = PBXFileReference; fileEncoding = 4; lastKnownFileType = sourcecode.c.h; lineEnding = 0; path = MarketingSystem.h; sourceTree = "<group>"; xcLanguageSpecificationIdentifier = xcode.lang.objcpp; };
		EDDB3FE31C7DA16200A6EA1F /* Documentation.h */ = {isa = PBXFileReference; fileEncoding = 4; lastKnownFileType = sourcecode.c.h; path = Documentation.h; sourceTree = "<group>"; };
		EDDB3FE41C7DA16200A6EA1F /* IParameters.h */ = {isa = PBXFileReference; fileEncoding = 4; lastKnownFileType = sourcecode.c.h; path = IParameters.h; sourceTree = "<group>"; };
		EDDB3FE61C7DA16200A6EA1F /* main.cpp */ = {isa = PBXFileReference; fileEncoding = 4; lastKnownFileType = sourcecode.cpp.cpp; path = main.cpp; sourceTree = "<group>"; };
		EDDB3FE71C7DA16200A6EA1F /* W.h */ = {isa = PBXFileReference; fileEncoding = 4; lastKnownFileType = sourcecode.c.h; path = W.h; sourceTree = "<group>"; };
		EDDC11C01C8E9D6D005670BD /* SEI.cpp */ = {isa = PBXFileReference; fileEncoding = 4; lastKnownFileType = sourcecode.cpp.cpp; lineEnding = 0; path = SEI.cpp; sourceTree = "<group>"; xcLanguageSpecificationIdentifier = xcode.lang.cpp; };
		EDDC11C21C8EAF5F005670BD /* WorldSettings.cpp */ = {isa = PBXFileReference; fileEncoding = 4; lastKnownFileType = sourcecode.cpp.cpp; path = WorldSettings.cpp; sourceTree = "<group>"; };
		EDDC11C31C8EAF5F005670BD /* WorldSettings.h */ = {isa = PBXFileReference; fileEncoding = 4; lastKnownFileType = sourcecode.c.h; path = WorldSettings.h; sourceTree = "<group>"; };
		EDDC11C51C8F9FF7005670BD /* SolarPanel.cpp */ = {isa = PBXFileReference; fileEncoding = 4; lastKnownFileType = sourcecode.cpp.cpp; path = SolarPanel.cpp; sourceTree = "<group>"; };
		EDDC11C61C8F9FF7005670BD /* SolarPanel.h */ = {isa = PBXFileReference; fileEncoding = 4; lastKnownFileType = sourcecode.c.h; path = SolarPanel.h; sourceTree = "<group>"; };
		EDEDFCF81C87BA5100A26BA5 /* W.cpp */ = {isa = PBXFileReference; fileEncoding = 4; lastKnownFileType = sourcecode.cpp.cpp; path = W.cpp; sourceTree = "<group>"; };
		EDEDFCFA1C87BF5800A26BA5 /* H.cpp */ = {isa = PBXFileReference; fileEncoding = 4; lastKnownFileType = sourcecode.cpp.cpp; lineEnding = 0; path = H.cpp; sourceTree = "<group>"; xcLanguageSpecificationIdentifier = xcode.lang.cpp; };
/* End PBXFileReference section */

/* Begin PBXFrameworksBuildPhase section */
		EDDB3FAF1C7C402D00A6EA1F /* Frameworks */ = {
			isa = PBXFrameworksBuildPhase;
			buildActionMask = 2147483647;
			files = (
			);
			runOnlyForDeploymentPostprocessing = 0;
		};
/* End PBXFrameworksBuildPhase section */

/* Begin PBXGroup section */
		EDDB3FA91C7C402D00A6EA1F = {
			isa = PBXGroup;
			children = (
				EDDB3FD91C7DA16200A6EA1F /* Source */,
				EDDB3FB31C7C402D00A6EA1F /* Products */,
			);
			sourceTree = "<group>";
		};
		EDDB3FB31C7C402D00A6EA1F /* Products */ = {
			isa = PBXGroup;
			children = (
				EDDB3FB21C7C402D00A6EA1F /* ABMSolar */,
			);
			name = Products;
			sourceTree = "<group>";
		};
		EDDB3FD91C7DA16200A6EA1F /* Source */ = {
			isa = PBXGroup;
			children = (
				EDDB3FDA1C7DA16200A6EA1F /* Agents */,
				EDDB3FDE1C7DA16200A6EA1F /* Geography */,
				EDDB3FE01C7DA16200A6EA1F /* Institutions */,
				EDDB3FE21C7DA16200A6EA1F /* Tools */,
				EDDB3FE51C7DA16200A6EA1F /* UI */,
			);
			path = Source;
			sourceTree = "<group>";
		};
		EDDB3FDA1C7DA16200A6EA1F /* Agents */ = {
			isa = PBXGroup;
			children = (
				EDEDFCFA1C87BF5800A26BA5 /* H.cpp */,
				EDDB3FDB1C7DA16200A6EA1F /* H.h */,
				EDDA11671C85131100763818 /* IAgent.cpp */,
				EDDA11681C85131100763818 /* IAgent.h */,
				EDDC11C01C8E9D6D005670BD /* SEI.cpp */,
				EDDB3FDC1C7DA16200A6EA1F /* SEI.h */,
				EDDB3FDD1C7DA16200A6EA1F /* SEM.h */,
				EDDC11C51C8F9FF7005670BD /* SolarPanel.cpp */,
				EDDC11C61C8F9FF7005670BD /* SolarPanel.h */,
			);
			path = Agents;
			sourceTree = "<group>";
		};
		EDDB3FDE1C7DA16200A6EA1F /* Geography */ = {
			isa = PBXGroup;
			children = (
				EDDB3FDF1C7DA16200A6EA1F /* Geography.h */,
			);
			path = Geography;
			sourceTree = "<group>";
		};
		EDDB3FE01C7DA16200A6EA1F /* Institutions */ = {
			isa = PBXGroup;
			children = (
				EDDA116A1C85145300763818 /* IInstitute.cpp */,
				EDDA116B1C85145300763818 /* IInstitute.h */,
				EDDA116D1C8515D800763818 /* IMessage.cpp */,
				EDDA116E1C8515D800763818 /* IMessage.h */,
				EDDA11651C8512D400763818 /* MarketingSystem.cpp */,
				EDDB3FE11C7DA16200A6EA1F /* MarketingSystem.h */,
			);
			path = Institutions;
			sourceTree = "<group>";
		};
		EDDB3FE21C7DA16200A6EA1F /* Tools */ = {
			isa = PBXGroup;
			children = (
				EDDB3FE31C7DA16200A6EA1F /* Documentation.h */,
				EDDB3FE41C7DA16200A6EA1F /* IParameters.h */,
				EDDC11C21C8EAF5F005670BD /* WorldSettings.cpp */,
				EDDC11C31C8EAF5F005670BD /* WorldSettings.h */,
			);
			path = Tools;
			sourceTree = "<group>";
		};
		EDDB3FE51C7DA16200A6EA1F /* UI */ = {
			isa = PBXGroup;
			children = (
				EDDB3FE61C7DA16200A6EA1F /* main.cpp */,
				EDEDFCF81C87BA5100A26BA5 /* W.cpp */,
				EDDB3FE71C7DA16200A6EA1F /* W.h */,
			);
			path = UI;
			sourceTree = "<group>";
		};
/* End PBXGroup section */

/* Begin PBXNativeTarget section */
		EDDB3FB11C7C402D00A6EA1F /* ABMSolar */ = {
			isa = PBXNativeTarget;
			buildConfigurationList = EDDB3FB91C7C402D00A6EA1F /* Build configuration list for PBXNativeTarget "ABMSolar" */;
			buildPhases = (
				EDDB3FAE1C7C402D00A6EA1F /* Sources */,
				EDDB3FAF1C7C402D00A6EA1F /* Frameworks */,
				EDDB3FB01C7C402D00A6EA1F /* CopyFiles */,
			);
			buildRules = (
			);
			dependencies = (
			);
			name = ABMSolar;
			productName = ABMSolar;
			productReference = EDDB3FB21C7C402D00A6EA1F /* ABMSolar */;
			productType = "com.apple.product-type.tool";
		};
/* End PBXNativeTarget section */

/* Begin PBXProject section */
		EDDB3FAA1C7C402D00A6EA1F /* Project object */ = {
			isa = PBXProject;
			attributes = {
				LastUpgradeCheck = 0610;
				ORGANIZATIONNAME = "IRIS Lab";
				TargetAttributes = {
					EDDB3FB11C7C402D00A6EA1F = {
						CreatedOnToolsVersion = 6.1.1;
					};
				};
			};
			buildConfigurationList = EDDB3FAD1C7C402D00A6EA1F /* Build configuration list for PBXProject "ABMSolar" */;
			compatibilityVersion = "Xcode 3.2";
			developmentRegion = English;
			hasScannedForEncodings = 0;
			knownRegions = (
				en,
			);
			mainGroup = EDDB3FA91C7C402D00A6EA1F;
			productRefGroup = EDDB3FB31C7C402D00A6EA1F /* Products */;
			projectDirPath = "";
			projectRoot = "";
			targets = (
				EDDB3FB11C7C402D00A6EA1F /* ABMSolar */,
			);
		};
/* End PBXProject section */

/* Begin PBXSourcesBuildPhase section */
		EDDB3FAE1C7C402D00A6EA1F /* Sources */ = {
			isa = PBXSourcesBuildPhase;
			buildActionMask = 2147483647;
			files = (
				EDDC11C71C8F9FF7005670BD /* SolarPanel.cpp in Sources */,
				EDDB3FE81C7DA16200A6EA1F /* main.cpp in Sources */,
				EDDC11C11C8E9D6D005670BD /* SEI.cpp in Sources */,
				EDEDFCFB1C87BF5800A26BA5 /* H.cpp in Sources */,
				EDDA116C1C85145300763818 /* IInstitute.cpp in Sources */,
				EDDC11C41C8EAF5F005670BD /* WorldSettings.cpp in Sources */,
				EDDA11661C8512D400763818 /* MarketingSystem.cpp in Sources */,
				EDEDFCF91C87BA5100A26BA5 /* W.cpp in Sources */,
				EDDA116F1C8515D800763818 /* IMessage.cpp in Sources */,
				EDDA11691C85131100763818 /* IAgent.cpp in Sources */,
			);
			runOnlyForDeploymentPostprocessing = 0;
		};
/* End PBXSourcesBuildPhase section */

/* Begin XCBuildConfiguration section */
		EDDB3FB71C7C402D00A6EA1F /* Debug */ = {
			isa = XCBuildConfiguration;
			buildSettings = {
				ALWAYS_SEARCH_USER_PATHS = NO;
				CLANG_CXX_LANGUAGE_STANDARD = "gnu++0x";
				CLANG_CXX_LIBRARY = "libc++";
				CLANG_ENABLE_MODULES = YES;
				CLANG_ENABLE_OBJC_ARC = YES;
				CLANG_WARN_BOOL_CONVERSION = YES;
				CLANG_WARN_CONSTANT_CONVERSION = YES;
				CLANG_WARN_DIRECT_OBJC_ISA_USAGE = YES_ERROR;
				CLANG_WARN_EMPTY_BODY = YES;
				CLANG_WARN_ENUM_CONVERSION = YES;
				CLANG_WARN_INT_CONVERSION = YES;
				CLANG_WARN_OBJC_ROOT_CLASS = YES_ERROR;
				CLANG_WARN_UNREACHABLE_CODE = YES;
				CLANG_WARN__DUPLICATE_METHOD_MATCH = YES;
				COPY_PHASE_STRIP = NO;
				ENABLE_STRICT_OBJC_MSGSEND = YES;
				GCC_C_LANGUAGE_STANDARD = gnu99;
				GCC_DYNAMIC_NO_PIC = NO;
				GCC_OPTIMIZATION_LEVEL = 0;
				GCC_PREPROCESSOR_DEFINITIONS = (
					"DEBUG=1",
					"$(inherited)",
				);
				GCC_SYMBOLS_PRIVATE_EXTERN = NO;
				GCC_WARN_64_TO_32_BIT_CONVERSION = YES;
				GCC_WARN_ABOUT_RETURN_TYPE = YES_ERROR;
				GCC_WARN_UNDECLARED_SELECTOR = YES;
				GCC_WARN_UNINITIALIZED_AUTOS = YES_AGGRESSIVE;
				GCC_WARN_UNUSED_FUNCTION = YES;
				GCC_WARN_UNUSED_VARIABLE = YES;
				MACOSX_DEPLOYMENT_TARGET = 10.10;
				MTL_ENABLE_DEBUG_INFO = YES;
				ONLY_ACTIVE_ARCH = YES;
				SDKROOT = macosx;
			};
			name = Debug;
		};
		EDDB3FB81C7C402D00A6EA1F /* Release */ = {
			isa = XCBuildConfiguration;
			buildSettings = {
				ALWAYS_SEARCH_USER_PATHS = NO;
				CLANG_CXX_LANGUAGE_STANDARD = "gnu++0x";
				CLANG_CXX_LIBRARY = "libc++";
				CLANG_ENABLE_MODULES = YES;
				CLANG_ENABLE_OBJC_ARC = YES;
				CLANG_WARN_BOOL_CONVERSION = YES;
				CLANG_WARN_CONSTANT_CONVERSION = YES;
				CLANG_WARN_DIRECT_OBJC_ISA_USAGE = YES_ERROR;
				CLANG_WARN_EMPTY_BODY = YES;
				CLANG_WARN_ENUM_CONVERSION = YES;
				CLANG_WARN_INT_CONVERSION = YES;
				CLANG_WARN_OBJC_ROOT_CLASS = YES_ERROR;
				CLANG_WARN_UNREACHABLE_CODE = YES;
				CLANG_WARN__DUPLICATE_METHOD_MATCH = YES;
				COPY_PHASE_STRIP = YES;
				DEBUG_INFORMATION_FORMAT = "dwarf-with-dsym";
				ENABLE_NS_ASSERTIONS = NO;
				ENABLE_STRICT_OBJC_MSGSEND = YES;
				GCC_C_LANGUAGE_STANDARD = gnu99;
				GCC_WARN_64_TO_32_BIT_CONVERSION = YES;
				GCC_WARN_ABOUT_RETURN_TYPE = YES_ERROR;
				GCC_WARN_UNDECLARED_SELECTOR = YES;
				GCC_WARN_UNINITIALIZED_AUTOS = YES_AGGRESSIVE;
				GCC_WARN_UNUSED_FUNCTION = YES;
				GCC_WARN_UNUSED_VARIABLE = YES;
				MACOSX_DEPLOYMENT_TARGET = 10.10;
				MTL_ENABLE_DEBUG_INFO = NO;
				SDKROOT = macosx;
			};
			name = Release;
		};
		EDDB3FBA1C7C402D00A6EA1F /* Debug */ = {
			isa = XCBuildConfiguration;
			buildSettings = {
				PRODUCT_NAME = "$(TARGET_NAME)";
				USER_HEADER_SEARCH_PATHS = ./Source;
			};
			name = Debug;
		};
		EDDB3FBB1C7C402D00A6EA1F /* Release */ = {
			isa = XCBuildConfiguration;
			buildSettings = {
				PRODUCT_NAME = "$(TARGET_NAME)";
				USER_HEADER_SEARCH_PATHS = ./Source;
			};
			name = Release;
		};
/* End XCBuildConfiguration section */

/* Begin XCConfigurationList section */
		EDDB3FAD1C7C402D00A6EA1F /* Build configuration list for PBXProject "ABMSolar" */ = {
			isa = XCConfigurationList;
			buildConfigurations = (
				EDDB3FB71C7C402D00A6EA1F /* Debug */,
				EDDB3FB81C7C402D00A6EA1F /* Release */,
			);
			defaultConfigurationIsVisible = 0;
			defaultConfigurationName = Release;
		};
		EDDB3FB91C7C402D00A6EA1F /* Build configuration list for PBXNativeTarget "ABMSolar" */ = {
			isa = XCConfigurationList;
			buildConfigurations = (
				EDDB3FBA1C7C402D00A6EA1F /* Debug */,
				EDDB3FBB1C7C402D00A6EA1F /* Release */,
			);
			defaultConfigurationIsVisible = 0;
			defaultConfigurationName = Release;
		};
/* End XCConfigurationList section */
	};
	rootObject = EDDB3FAA1C7C402D00A6EA1F /* Project object */;
}
