<?xml version="1.0" encoding="utf-8"?>
<Project ToolsVersion="4.0" xmlns="http://schemas.microsoft.com/developer/msbuild/2003">
  <ItemGroup>
    <Filter Include="Source Files">
      <UniqueIdentifier>{4FC737F1-C7A5-4376-A066-2A32D752A2FF}</UniqueIdentifier>
      <Extensions>cpp;c;cc;cxx;def;odl;idl;hpj;bat;asm;asmx</Extensions>
    </Filter>
    <Filter Include="Header Files">
      <UniqueIdentifier>{93995380-89BD-4b04-88EB-625FBE52EBFB}</UniqueIdentifier>
      <Extensions>h;hh;hpp;hxx;hm;inl;inc;xsd</Extensions>
    </Filter>
    <Filter Include="Resource Files">
      <UniqueIdentifier>{67DA6AB6-F800-4c08-8B7A-83BB121AAD01}</UniqueIdentifier>
      <Extensions>rc;ico;cur;bmp;dlg;rc2;rct;bin;rgs;gif;jpg;jpeg;jpe;resx;tiff;tif;png;wav</Extensions>
    </Filter>
    <Filter Include="Header Files\Agents">
      <UniqueIdentifier>{60387094-cbdc-4005-b9ac-cbb7986dad41}</UniqueIdentifier>
    </Filter>
    <Filter Include="Header Files\UI">
      <UniqueIdentifier>{4b29f7d8-c9aa-4870-be8b-c9bbbffc1071}</UniqueIdentifier>
    </Filter>
    <Filter Include="Header Files\Tools">
      <UniqueIdentifier>{b2d0e726-aad7-4ea3-aaf9-22cac4b77796}</UniqueIdentifier>
    </Filter>
    <Filter Include="Header Files\Institutions">
      <UniqueIdentifier>{06503560-2540-4e4e-9ba1-a98165a88819}</UniqueIdentifier>
    </Filter>
    <Filter Include="Header Files\Physics">
      <UniqueIdentifier>{b94de294-ba8a-43cb-a990-ac2e6869a248}</UniqueIdentifier>
    </Filter>
    <Filter Include="Header Files\ExternalTools">
      <UniqueIdentifier>{e86242f3-4a18-4efb-8c3a-a2ea2fec4e73}</UniqueIdentifier>
    </Filter>
    <Filter Include="Source Files\ExternalTools">
      <UniqueIdentifier>{756e1442-da8c-451a-a98e-69e37d68955f}</UniqueIdentifier>
    </Filter>
    <Filter Include="Source Files\Agents">
      <UniqueIdentifier>{2231e05c-da76-4588-8f5b-b57e1ed8e56e}</UniqueIdentifier>
    </Filter>
    <Filter Include="Source Files\Physics">
      <UniqueIdentifier>{7968fbed-d995-4b33-bf27-23bf0f383ef3}</UniqueIdentifier>
    </Filter>
    <Filter Include="Source Files\Institutions">
      <UniqueIdentifier>{eda0fb47-88e3-447f-87fc-ada6eaf332ce}</UniqueIdentifier>
    </Filter>
    <Filter Include="Source Files\UI">
      <UniqueIdentifier>{45f55a3e-0f15-4b71-8aaf-2333ba082a30}</UniqueIdentifier>
    </Filter>
    <Filter Include="Source Files\Tools">
      <UniqueIdentifier>{5cb12ea7-8c59-44b6-a93d-b1404c16afd6}</UniqueIdentifier>
    </Filter>
    <Filter Include="Resource Files\BaseModel">
      <UniqueIdentifier>{76ae2e62-970c-42ef-8d9b-139117784b34}</UniqueIdentifier>
    </Filter>
  </ItemGroup>
  <ItemGroup>
    <ClInclude Include="..\Source\Agents\G.h">
      <Filter>Header Files\Agents</Filter>
    </ClInclude>
    <ClInclude Include="..\Source\Agents\Homeowner.h">
      <Filter>Header Files\Agents</Filter>
    </ClInclude>
    <ClInclude Include="..\Source\Agents\IAgent.h">
      <Filter>Header Files\Agents</Filter>
    </ClInclude>
    <ClInclude Include="..\Source\Agents\SEI.h">
      <Filter>Header Files\Agents</Filter>
    </ClInclude>
    <ClInclude Include="..\Source\Agents\SEM.h">
      <Filter>Header Files\Agents</Filter>
    </ClInclude>
    <ClInclude Include="..\Source\Agents\Utility.h">
      <Filter>Header Files\Agents</Filter>
    </ClInclude>
    <ClInclude Include="..\Source\Tools\WorldSettings.h">
      <Filter>Header Files\UI</Filter>
    </ClInclude>
    <ClInclude Include="..\Source\Agents\SolarPanel.h">
      <Filter>Header Files\Physics</Filter>
    </ClInclude>
    <ClInclude Include="..\Source\Institutions\IInstitute.h">
      <Filter>Header Files\Institutions</Filter>
    </ClInclude>
    <ClInclude Include="..\Source\Institutions\IMessage.h">
      <Filter>Header Files\Institutions</Filter>
    </ClInclude>
    <ClInclude Include="..\Source\Institutions\MarketingSystem.h">
      <Filter>Header Files\Institutions</Filter>
    </ClInclude>
    <ClInclude Include="..\Source\Tools\Documentation.h">
      <Filter>Header Files\Tools</Filter>
    </ClInclude>
    <ClInclude Include="..\Source\Tools\ExternalIncludes.h">
      <Filter>Header Files\Tools</Filter>
    </ClInclude>
    <ClInclude Include="..\Source\Tools\ID.h">
      <Filter>Header Files\Tools</Filter>
    </ClInclude>
    <ClInclude Include="..\Source\Tools\IParameters.h">
      <Filter>Header Files\Tools</Filter>
    </ClInclude>
    <ClInclude Include="..\Source\Tools\IRandom.h">
      <Filter>Header Files\Tools</Filter>
    </ClInclude>
    <ClInclude Include="..\Source\Tools\Log.h">
      <Filter>Header Files\Tools</Filter>
    </ClInclude>
    <ClInclude Include="..\Source\Tools\ParsingTools.h">
      <Filter>Header Files\Tools</Filter>
    </ClInclude>
    <ClInclude Include="..\Source\Tools\Serialize.h">
      <Filter>Header Files\Tools</Filter>
    </ClInclude>
    <ClInclude Include="..\Source\Tools\Simulation.h">
      <Filter>Header Files\Tools</Filter>
    </ClInclude>
    <ClInclude Include="..\Source\Tools\VectorMath.h">
      <Filter>Header Files\Tools</Filter>
    </ClInclude>
    <ClInclude Include="..\Source\UI\HelperW.h">
      <Filter>Header Files\UI</Filter>
    </ClInclude>
    <ClInclude Include="..\Source\UI\UI.h">
      <Filter>Header Files\UI</Filter>
    </ClInclude>
    <ClInclude Include="..\Source\UI\W.h">
      <Filter>Header Files\UI</Filter>
    </ClInclude>
    <ClInclude Include="..\Source\Tools\EnumTools.h">
      <Filter>Header Files\Tools</Filter>
    </ClInclude>
    <ClInclude Include="..\Source\UI\BaseModel.h">
      <Filter>Header Files\UI</Filter>
    </ClInclude>
    <ClInclude Include="..\Source\Agents\SEMBL.h">
      <Filter>Header Files\Agents</Filter>
    </ClInclude>
    <ClInclude Include="..\Source\Tools\SerializeRJ.h">
      <Filter>Header Files\Tools</Filter>
    </ClInclude>
    <ClInclude Include="..\Source\UI\WRJ.h">
      <Filter>Header Files\UI</Filter>
    </ClInclude>
    <ClInclude Include="..\Source\Tools\RJTools.h">
      <Filter>Header Files\Tools</Filter>
    </ClInclude>
  </ItemGroup>
  <ItemGroup>
    <ClCompile Include="..\Source\Tools\WorldSettings.cpp">
      <Filter>Source Files\Tools</Filter>
    </ClCompile>
    <ClCompile Include="..\Source\Tools\ID.cpp">
      <Filter>Source Files\Tools</Filter>
    </ClCompile>
    <ClCompile Include="..\Source\Tools\IParameters.cpp">
      <Filter>Source Files\Tools</Filter>
    </ClCompile>
    <ClCompile Include="..\Source\Tools\IRandom.cpp">
      <Filter>Source Files\Tools</Filter>
    </ClCompile>
    <ClCompile Include="..\Source\Tools\Log.cpp">
      <Filter>Source Files\Tools</Filter>
    </ClCompile>
    <ClCompile Include="..\Source\Tools\ParsingTools.cpp">
      <Filter>Source Files\Tools</Filter>
    </ClCompile>
    <ClCompile Include="..\Source\Tools\Serialize.cpp">
      <Filter>Source Files\Tools</Filter>
    </ClCompile>
    <ClCompile Include="..\Source\Tools\Simulation.cpp">
      <Filter>Source Files\Tools</Filter>
    </ClCompile>
    <ClCompile Include="..\Source\Tools\VectorMath.cpp">
      <Filter>Source Files\Tools</Filter>
    </ClCompile>
    <ClCompile Include="..\Source\Agents\G.cpp">
      <Filter>Source Files\Agents</Filter>
    </ClCompile>
    <ClCompile Include="..\Source\Agents\Homeowner.cpp">
      <Filter>Source Files\Agents</Filter>
    </ClCompile>
    <ClCompile Include="..\Source\Agents\IAgent.cpp">
      <Filter>Source Files\Agents</Filter>
    </ClCompile>
    <ClCompile Include="..\Source\Agents\SEI.cpp">
      <Filter>Source Files\Agents</Filter>
    </ClCompile>
    <ClCompile Include="..\Source\Agents\SEM.cpp">
      <Filter>Source Files\Agents</Filter>
    </ClCompile>
    <ClCompile Include="..\Source\Agents\Utility.cpp">
      <Filter>Source Files\Agents</Filter>
    </ClCompile>
    <ClCompile Include="..\Source\ExternalTools\boost_1_60_0\libs\filesystem\src\codecvt_error_category.cpp">
      <Filter>Source Files\ExternalTools</Filter>
    </ClCompile>
    <ClCompile Include="..\Source\ExternalTools\boost_1_60_0\libs\filesystem\src\operations.cpp">
      <Filter>Source Files\ExternalTools</Filter>
    </ClCompile>
    <ClCompile Include="..\Source\ExternalTools\boost_1_60_0\libs\filesystem\src\path.cpp">
      <Filter>Source Files\ExternalTools</Filter>
    </ClCompile>
    <ClCompile Include="..\Source\ExternalTools\boost_1_60_0\libs\filesystem\src\path_traits.cpp">
      <Filter>Source Files\ExternalTools</Filter>
    </ClCompile>
    <ClCompile Include="..\Source\ExternalTools\boost_1_60_0\libs\filesystem\src\portability.cpp">
      <Filter>Source Files\ExternalTools</Filter>
    </ClCompile>
    <ClCompile Include="..\Source\ExternalTools\boost_1_60_0\libs\filesystem\src\unique_path.cpp">
      <Filter>Source Files\ExternalTools</Filter>
    </ClCompile>
    <ClCompile Include="..\Source\ExternalTools\boost_1_60_0\libs\filesystem\src\utf8_codecvt_facet.cpp">
      <Filter>Source Files\ExternalTools</Filter>
    </ClCompile>
    <ClCompile Include="..\Source\ExternalTools\boost_1_60_0\libs\filesystem\src\windows_file_codecvt.cpp">
      <Filter>Source Files\ExternalTools</Filter>
    </ClCompile>
    <ClCompile Include="..\Source\ExternalTools\boost_1_60_0\libs\system\src\error_code.cpp">
      <Filter>Source Files\ExternalTools</Filter>
    </ClCompile>
    <ClCompile Include="..\Source\Institutions\IInstitute.cpp">
      <Filter>Source Files\Institutions</Filter>
    </ClCompile>
    <ClCompile Include="..\Source\Institutions\IMessage.cpp">
      <Filter>Source Files\Institutions</Filter>
    </ClCompile>
    <ClCompile Include="..\Source\Institutions\MarketingSystem.cpp">
      <Filter>Source Files\Institutions</Filter>
    </ClCompile>
    <ClCompile Include="..\Source\Geography\Geography.cpp">
      <Filter>Source Files\Physics</Filter>
    </ClCompile>
    <ClCompile Include="..\Source\Agents\SolarPanel.cpp">
      <Filter>Source Files\Physics</Filter>
    </ClCompile>
    <ClCompile Include="..\Source\UI\HelperW.cpp">
      <Filter>Source Files\UI</Filter>
    </ClCompile>
    <ClCompile Include="..\Source\UI\main.cpp">
      <Filter>Source Files\UI</Filter>
    </ClCompile>
    <ClCompile Include="..\Source\UI\UI.cpp">
      <Filter>Source Files\UI</Filter>
    </ClCompile>
    <ClCompile Include="..\Source\UI\W.cpp">
      <Filter>Source Files\UI</Filter>
    </ClCompile>
    <ClCompile Include="..\Source\Physics\SolarPanelBL.cpp">
      <Filter>Source Files\Physics</Filter>
    </ClCompile>
    <ClCompile Include="..\Source\Agents\SEMBL.cpp">
      <Filter>Source Files\Agents</Filter>
    </ClCompile>
    <ClCompile Include="..\Source\UI\WRJ.cpp">
      <Filter>Source Files\UI</Filter>
    </ClCompile>
    <ClCompile Include="..\Source\Tools\RJTools.cpp">
      <Filter>Source Files\Tools</Filter>
    </ClCompile>
  </ItemGroup>
  <ItemGroup>
    <None Include="..\Examples\BaseModel\basemodel.model">
      <Filter>Resource Files\BaseModel</Filter>
    </None>
    <None Include="..\Examples\BaseModel\df_installers.csv">
      <Filter>Resource Files\BaseModel</Filter>
    </None>
    <None Include="..\Examples\BaseModel\g.json">
      <Filter>Resource Files\BaseModel</Filter>
    </None>
    <None Include="..\Examples\BaseModel\geography.json">
      <Filter>Resource Files\BaseModel</Filter>
    </None>
    <None Include="..\Examples\BaseModel\ho.json">
      <Filter>Resource Files\BaseModel</Filter>
    </None>
    <None Include="..\Examples\BaseModel\ho-designdecisions.json">
      <Filter>Resource Files\BaseModel</Filter>
    </None>
    <None Include="..\Examples\BaseModel\ho-installerdecisions.json">
      <Filter>Resource Files\BaseModel</Filter>
    </None>
    <None Include="..\Examples\BaseModel\ho-ncdecisions.json">
      <Filter>Resource Files\BaseModel</Filter>
    </None>
    <None Include="..\Examples\BaseModel\market.json">
      <Filter>Resource Files\BaseModel</Filter>
    </None>
    <None Include="..\Examples\BaseModel\sei.json">
      <Filter>Resource Files\BaseModel</Filter>
    </None>
    <None Include="..\Examples\BaseModel\sem.json">
      <Filter>Resource Files\BaseModel</Filter>
    </None>
    <None Include="..\Examples\BaseModel\solar_equipment.json">
      <Filter>Resource Files\BaseModel</Filter>
    </None>
    <None Include="..\Examples\BaseModel\utility.json">
      <Filter>Resource Files\BaseModel</Filter>
    </None>
    <None Include="..\Examples\BaseModel\w.json">
      <Filter>Resource Files\BaseModel</Filter>
    </None>
    <None Include="..\Examples\BaseModel\distribution_hh.json">
      <Filter>Resource Files\BaseModel</Filter>
    </None>
    <None Include="..\Examples\BaseModel\joint_distribution_hh.csv">
      <Filter>Resource Files\BaseModel</Filter>
    </None>
  </ItemGroup>
</Project>